// !$*UTF8*$!
{
	archiveVersion = 1;
	classes = {
	};
	objectVersion = 46;
	objects = {

/* Begin PBXBuildFile section */
		8A50621B1B00AD8B00FC87F6 /* SRSemaphore.swift in Sources */ = {isa = PBXBuildFile; fileRef = 8A50621A1B00AD8B00FC87F6 /* SRSemaphore.swift */; };
		8AAC8D0E194ED4F1007BDE4D /* AppDelegate.swift in Sources */ = {isa = PBXBuildFile; fileRef = 8AAC8D0D194ED4F1007BDE4D /* AppDelegate.swift */; };
		8AAC8D10194ED4F1007BDE4D /* Images.xcassets in Resources */ = {isa = PBXBuildFile; fileRef = 8AAC8D0F194ED4F1007BDE4D /* Images.xcassets */; };
		8AAC8D1C194ED4F1007BDE4D /* SRChocoDemo_iOSTests.swift in Sources */ = {isa = PBXBuildFile; fileRef = 8AAC8D1B194ED4F1007BDE4D /* SRChocoDemo_iOSTests.swift */; };
		8AFEDA351AFCAA8800434E44 /* SRAuth.swift in Sources */ = {isa = PBXBuildFile; fileRef = 8AFEDA031AFCAA8800434E44 /* SRAuth.swift */; };
		8AFEDA361AFCAA8800434E44 /* SRCache.swift in Sources */ = {isa = PBXBuildFile; fileRef = 8AFEDA051AFCAA8800434E44 /* SRCache.swift */; };
		8AFEDA371AFCAA8800434E44 /* SRDevice.swift in Sources */ = {isa = PBXBuildFile; fileRef = 8AFEDA071AFCAA8800434E44 /* SRDevice.swift */; };
		8AFEDA381AFCAA8800434E44 /* SRExternalApp.swift in Sources */ = {isa = PBXBuildFile; fileRef = 8AFEDA091AFCAA8800434E44 /* SRExternalApp.swift */; };
		8AFEDA391AFCAA8800434E44 /* SRDirectory.swift in Sources */ = {isa = PBXBuildFile; fileRef = 8AFEDA0B1AFCAA8800434E44 /* SRDirectory.swift */; };
		8AFEDA3A1AFCAA8800434E44 /* SRFile.swift in Sources */ = {isa = PBXBuildFile; fileRef = 8AFEDA0C1AFCAA8800434E44 /* SRFile.swift */; };
		8AFEDA3B1AFCAA8800434E44 /* SRDispatch.swift in Sources */ = {isa = PBXBuildFile; fileRef = 8AFEDA0E1AFCAA8800434E44 /* SRDispatch.swift */; };
		8AFEDA3C1AFCAA8800434E44 /* SRDispatchQueue.swift in Sources */ = {isa = PBXBuildFile; fileRef = 8AFEDA0F1AFCAA8800434E44 /* SRDispatchQueue.swift */; };
		8AFEDA3D1AFCAA8800434E44 /* SRMutex.swift in Sources */ = {isa = PBXBuildFile; fileRef = 8AFEDA101AFCAA8800434E44 /* SRMutex.swift */; };
		8AFEDA3E1AFCAA8800434E44 /* SRHotKeyManager.m in Sources */ = {isa = PBXBuildFile; fileRef = 8AFEDA131AFCAA8800434E44 /* SRHotKeyManager.m */; };
		8AFEDA3F1AFCAA8800434E44 /* SRHTTP.swift in Sources */ = {isa = PBXBuildFile; fileRef = 8AFEDA151AFCAA8800434E44 /* SRHTTP.swift */; };
		8AFEDA401AFCAA8800434E44 /* SRHTTPRequest.swift in Sources */ = {isa = PBXBuildFile; fileRef = 8AFEDA161AFCAA8800434E44 /* SRHTTPRequest.swift */; };
		8AFEDA411AFCAA8800434E44 /* SRHTTPResponse.swift in Sources */ = {isa = PBXBuildFile; fileRef = 8AFEDA171AFCAA8800434E44 /* SRHTTPResponse.swift */; };
		8AFEDA421AFCAA8800434E44 /* SRInputSource.m in Sources */ = {isa = PBXBuildFile; fileRef = 8AFEDA1A1AFCAA8800434E44 /* SRInputSource.m */; };
		8AFEDA431AFCAA8800434E44 /* SRInputSourceManager.m in Sources */ = {isa = PBXBuildFile; fileRef = 8AFEDA1C1AFCAA8800434E44 /* SRInputSourceManager.m */; };
		8AFEDA441AFCAA8800434E44 /* SRJSON.swift in Sources */ = {isa = PBXBuildFile; fileRef = 8AFEDA1E1AFCAA8800434E44 /* SRJSON.swift */; };
		8AFEDA451AFCAA8800434E44 /* SRRegexp.swift in Sources */ = {isa = PBXBuildFile; fileRef = 8AFEDA201AFCAA8800434E44 /* SRRegexp.swift */; };
		8AFEDA461AFCAA8800434E44 /* SRStartupLauncher.m in Sources */ = {isa = PBXBuildFile; fileRef = 8AFEDA231AFCAA8800434E44 /* SRStartupLauncher.m */; };
		8AFEDA471AFCAA8800434E44 /* SRStatusItemPopupController.swift in Sources */ = {isa = PBXBuildFile; fileRef = 8AFEDA251AFCAA8800434E44 /* SRStatusItemPopupController.swift */; };
		8AFEDA481AFCAA8800434E44 /* SRUUID.swift in Sources */ = {isa = PBXBuildFile; fileRef = 8AFEDA271AFCAA8800434E44 /* SRUUID.swift */; };
		8AFEDA491AFCAA8800434E44 /* SRApplicationWindow.m in Sources */ = {isa = PBXBuildFile; fileRef = 8AFEDA2A1AFCAA8800434E44 /* SRApplicationWindow.m */; };
		8AFEDA4A1AFCAA8800434E44 /* SRWindowManager.m in Sources */ = {isa = PBXBuildFile; fileRef = 8AFEDA2C1AFCAA8800434E44 /* SRWindowManager.m */; };
		8AFEDA4B1AFCAA8800434E44 /* ArrayExtensions.swift in Sources */ = {isa = PBXBuildFile; fileRef = 8AFEDA2E1AFCAA8800434E44 /* ArrayExtensions.swift */; };
		8AFEDA4C1AFCAA8800434E44 /* ColorExtensions.swift in Sources */ = {isa = PBXBuildFile; fileRef = 8AFEDA2F1AFCAA8800434E44 /* ColorExtensions.swift */; };
		8AFEDA4D1AFCAA8800434E44 /* DictionaryExtensions.swift in Sources */ = {isa = PBXBuildFile; fileRef = 8AFEDA301AFCAA8800434E44 /* DictionaryExtensions.swift */; };
		8AFEDA4E1AFCAA8800434E44 /* Log.swift in Sources */ = {isa = PBXBuildFile; fileRef = 8AFEDA311AFCAA8800434E44 /* Log.swift */; };
		8AFEDA4F1AFCAA8800434E44 /* NSDateExtensions.swift in Sources */ = {isa = PBXBuildFile; fileRef = 8AFEDA321AFCAA8800434E44 /* NSDateExtensions.swift */; };
		8AFEDA501AFCAA8800434E44 /* StringExtensions.swift in Sources */ = {isa = PBXBuildFile; fileRef = 8AFEDA331AFCAA8800434E44 /* StringExtensions.swift */; };
		8AFEDA511AFCAA8800434E44 /* ViewExtensions.swift in Sources */ = {isa = PBXBuildFile; fileRef = 8AFEDA341AFCAA8800434E44 /* ViewExtensions.swift */; };
/* End PBXBuildFile section */

/* Begin PBXContainerItemProxy section */
		8AAC8D16194ED4F1007BDE4D /* PBXContainerItemProxy */ = {
			isa = PBXContainerItemProxy;
			containerPortal = 8AAC8D00194ED4F1007BDE4D /* Project object */;
			proxyType = 1;
			remoteGlobalIDString = 8AAC8D07194ED4F1007BDE4D;
			remoteInfo = "SRChocoDemo-iOS";
		};
/* End PBXContainerItemProxy section */

/* Begin PBXFileReference section */
		8A00388B195042910079D8D5 /* MyPlayground.playground */ = {isa = PBXFileReference; lastKnownFileType = file.playground; path = MyPlayground.playground; sourceTree = "<group>"; };
		8A50621A1B00AD8B00FC87F6 /* SRSemaphore.swift */ = {isa = PBXFileReference; fileEncoding = 4; lastKnownFileType = sourcecode.swift; path = SRSemaphore.swift; sourceTree = "<group>"; };
		8AAC8D08194ED4F1007BDE4D /* SRChocoDemo-iOS.app */ = {isa = PBXFileReference; explicitFileType = wrapper.application; includeInIndex = 0; path = "SRChocoDemo-iOS.app"; sourceTree = BUILT_PRODUCTS_DIR; };
		8AAC8D0C194ED4F1007BDE4D /* Info.plist */ = {isa = PBXFileReference; lastKnownFileType = text.plist.xml; path = Info.plist; sourceTree = "<group>"; };
		8AAC8D0D194ED4F1007BDE4D /* AppDelegate.swift */ = {isa = PBXFileReference; lastKnownFileType = sourcecode.swift; path = AppDelegate.swift; sourceTree = "<group>"; };
		8AAC8D0F194ED4F1007BDE4D /* Images.xcassets */ = {isa = PBXFileReference; lastKnownFileType = folder.assetcatalog; path = Images.xcassets; sourceTree = "<group>"; };
		8AAC8D15194ED4F1007BDE4D /* SRChocoDemo-iOSTests.xctest */ = {isa = PBXFileReference; explicitFileType = wrapper.cfbundle; includeInIndex = 0; path = "SRChocoDemo-iOSTests.xctest"; sourceTree = BUILT_PRODUCTS_DIR; };
		8AAC8D1A194ED4F1007BDE4D /* Info.plist */ = {isa = PBXFileReference; lastKnownFileType = text.plist.xml; path = Info.plist; sourceTree = "<group>"; };
		8AAC8D1B194ED4F1007BDE4D /* SRChocoDemo_iOSTests.swift */ = {isa = PBXFileReference; lastKnownFileType = sourcecode.swift; path = SRChocoDemo_iOSTests.swift; sourceTree = "<group>"; };
		8AFEDA031AFCAA8800434E44 /* SRAuth.swift */ = {isa = PBXFileReference; fileEncoding = 4; lastKnownFileType = sourcecode.swift; path = SRAuth.swift; sourceTree = "<group>"; };
		8AFEDA051AFCAA8800434E44 /* SRCache.swift */ = {isa = PBXFileReference; fileEncoding = 4; lastKnownFileType = sourcecode.swift; path = SRCache.swift; sourceTree = "<group>"; };
		8AFEDA071AFCAA8800434E44 /* SRDevice.swift */ = {isa = PBXFileReference; fileEncoding = 4; lastKnownFileType = sourcecode.swift; path = SRDevice.swift; sourceTree = "<group>"; };
		8AFEDA091AFCAA8800434E44 /* SRExternalApp.swift */ = {isa = PBXFileReference; fileEncoding = 4; lastKnownFileType = sourcecode.swift; path = SRExternalApp.swift; sourceTree = "<group>"; };
		8AFEDA0B1AFCAA8800434E44 /* SRDirectory.swift */ = {isa = PBXFileReference; fileEncoding = 4; lastKnownFileType = sourcecode.swift; path = SRDirectory.swift; sourceTree = "<group>"; };
		8AFEDA0C1AFCAA8800434E44 /* SRFile.swift */ = {isa = PBXFileReference; fileEncoding = 4; lastKnownFileType = sourcecode.swift; path = SRFile.swift; sourceTree = "<group>"; };
		8AFEDA0E1AFCAA8800434E44 /* SRDispatch.swift */ = {isa = PBXFileReference; fileEncoding = 4; lastKnownFileType = sourcecode.swift; path = SRDispatch.swift; sourceTree = "<group>"; };
		8AFEDA0F1AFCAA8800434E44 /* SRDispatchQueue.swift */ = {isa = PBXFileReference; fileEncoding = 4; lastKnownFileType = sourcecode.swift; path = SRDispatchQueue.swift; sourceTree = "<group>"; };
		8AFEDA101AFCAA8800434E44 /* SRMutex.swift */ = {isa = PBXFileReference; fileEncoding = 4; lastKnownFileType = sourcecode.swift; path = SRMutex.swift; sourceTree = "<group>"; };
		8AFEDA121AFCAA8800434E44 /* SRHotKeyManager.h */ = {isa = PBXFileReference; fileEncoding = 4; lastKnownFileType = sourcecode.c.h; path = SRHotKeyManager.h; sourceTree = "<group>"; };
		8AFEDA131AFCAA8800434E44 /* SRHotKeyManager.m */ = {isa = PBXFileReference; fileEncoding = 4; lastKnownFileType = sourcecode.c.objc; path = SRHotKeyManager.m; sourceTree = "<group>"; };
		8AFEDA151AFCAA8800434E44 /* SRHTTP.swift */ = {isa = PBXFileReference; fileEncoding = 4; lastKnownFileType = sourcecode.swift; path = SRHTTP.swift; sourceTree = "<group>"; };
		8AFEDA161AFCAA8800434E44 /* SRHTTPRequest.swift */ = {isa = PBXFileReference; fileEncoding = 4; lastKnownFileType = sourcecode.swift; path = SRHTTPRequest.swift; sourceTree = "<group>"; };
		8AFEDA171AFCAA8800434E44 /* SRHTTPResponse.swift */ = {isa = PBXFileReference; fileEncoding = 4; lastKnownFileType = sourcecode.swift; path = SRHTTPResponse.swift; sourceTree = "<group>"; };
		8AFEDA191AFCAA8800434E44 /* SRInputSource.h */ = {isa = PBXFileReference; fileEncoding = 4; lastKnownFileType = sourcecode.c.h; path = SRInputSource.h; sourceTree = "<group>"; };
		8AFEDA1A1AFCAA8800434E44 /* SRInputSource.m */ = {isa = PBXFileReference; fileEncoding = 4; lastKnownFileType = sourcecode.c.objc; path = SRInputSource.m; sourceTree = "<group>"; };
		8AFEDA1B1AFCAA8800434E44 /* SRInputSourceManager.h */ = {isa = PBXFileReference; fileEncoding = 4; lastKnownFileType = sourcecode.c.h; path = SRInputSourceManager.h; sourceTree = "<group>"; };
		8AFEDA1C1AFCAA8800434E44 /* SRInputSourceManager.m */ = {isa = PBXFileReference; fileEncoding = 4; lastKnownFileType = sourcecode.c.objc; path = SRInputSourceManager.m; sourceTree = "<group>"; };
		8AFEDA1E1AFCAA8800434E44 /* SRJSON.swift */ = {isa = PBXFileReference; fileEncoding = 4; lastKnownFileType = sourcecode.swift; path = SRJSON.swift; sourceTree = "<group>"; };
		8AFEDA201AFCAA8800434E44 /* SRRegexp.swift */ = {isa = PBXFileReference; fileEncoding = 4; lastKnownFileType = sourcecode.swift; path = SRRegexp.swift; sourceTree = "<group>"; };
		8AFEDA221AFCAA8800434E44 /* SRStartupLauncher.h */ = {isa = PBXFileReference; fileEncoding = 4; lastKnownFileType = sourcecode.c.h; path = SRStartupLauncher.h; sourceTree = "<group>"; };
		8AFEDA231AFCAA8800434E44 /* SRStartupLauncher.m */ = {isa = PBXFileReference; fileEncoding = 4; lastKnownFileType = sourcecode.c.objc; path = SRStartupLauncher.m; sourceTree = "<group>"; };
		8AFEDA251AFCAA8800434E44 /* SRStatusItemPopupController.swift */ = {isa = PBXFileReference; fileEncoding = 4; lastKnownFileType = sourcecode.swift; path = SRStatusItemPopupController.swift; sourceTree = "<group>"; };
		8AFEDA271AFCAA8800434E44 /* SRUUID.swift */ = {isa = PBXFileReference; fileEncoding = 4; lastKnownFileType = sourcecode.swift; path = SRUUID.swift; sourceTree = "<group>"; };
		8AFEDA291AFCAA8800434E44 /* SRApplicationWindow.h */ = {isa = PBXFileReference; fileEncoding = 4; lastKnownFileType = sourcecode.c.h; path = SRApplicationWindow.h; sourceTree = "<group>"; };
		8AFEDA2A1AFCAA8800434E44 /* SRApplicationWindow.m */ = {isa = PBXFileReference; fileEncoding = 4; lastKnownFileType = sourcecode.c.objc; path = SRApplicationWindow.m; sourceTree = "<group>"; };
		8AFEDA2B1AFCAA8800434E44 /* SRWindowManager.h */ = {isa = PBXFileReference; fileEncoding = 4; lastKnownFileType = sourcecode.c.h; path = SRWindowManager.h; sourceTree = "<group>"; };
		8AFEDA2C1AFCAA8800434E44 /* SRWindowManager.m */ = {isa = PBXFileReference; fileEncoding = 4; lastKnownFileType = sourcecode.c.objc; path = SRWindowManager.m; sourceTree = "<group>"; };
		8AFEDA2E1AFCAA8800434E44 /* ArrayExtensions.swift */ = {isa = PBXFileReference; fileEncoding = 4; lastKnownFileType = sourcecode.swift; path = ArrayExtensions.swift; sourceTree = "<group>"; };
		8AFEDA2F1AFCAA8800434E44 /* ColorExtensions.swift */ = {isa = PBXFileReference; fileEncoding = 4; lastKnownFileType = sourcecode.swift; path = ColorExtensions.swift; sourceTree = "<group>"; };
		8AFEDA301AFCAA8800434E44 /* DictionaryExtensions.swift */ = {isa = PBXFileReference; fileEncoding = 4; lastKnownFileType = sourcecode.swift; path = DictionaryExtensions.swift; sourceTree = "<group>"; };
		8AFEDA311AFCAA8800434E44 /* Log.swift */ = {isa = PBXFileReference; fileEncoding = 4; lastKnownFileType = sourcecode.swift; path = Log.swift; sourceTree = "<group>"; };
		8AFEDA321AFCAA8800434E44 /* NSDateExtensions.swift */ = {isa = PBXFileReference; fileEncoding = 4; lastKnownFileType = sourcecode.swift; path = NSDateExtensions.swift; sourceTree = "<group>"; };
		8AFEDA331AFCAA8800434E44 /* StringExtensions.swift */ = {isa = PBXFileReference; fileEncoding = 4; lastKnownFileType = sourcecode.swift; path = StringExtensions.swift; sourceTree = "<group>"; };
		8AFEDA341AFCAA8800434E44 /* ViewExtensions.swift */ = {isa = PBXFileReference; fileEncoding = 4; lastKnownFileType = sourcecode.swift; path = ViewExtensions.swift; sourceTree = "<group>"; };
		8AFEDA521AFCAB0B00434E44 /* SRChocoDemo-iOS-Bridging-Header.h */ = {isa = PBXFileReference; lastKnownFileType = sourcecode.c.h; path = "SRChocoDemo-iOS-Bridging-Header.h"; sourceTree = "<group>"; };
/* End PBXFileReference section */

/* Begin PBXFrameworksBuildPhase section */
		8AAC8D05194ED4F1007BDE4D /* Frameworks */ = {
			isa = PBXFrameworksBuildPhase;
			buildActionMask = 2147483647;
			files = (
			);
			runOnlyForDeploymentPostprocessing = 0;
		};
		8AAC8D12194ED4F1007BDE4D /* Frameworks */ = {
			isa = PBXFrameworksBuildPhase;
			buildActionMask = 2147483647;
			files = (
			);
			runOnlyForDeploymentPostprocessing = 0;
		};
/* End PBXFrameworksBuildPhase section */

/* Begin PBXGroup section */
		8AAC8CFF194ED4F1007BDE4D = {
			isa = PBXGroup;
			children = (
				8AAC8D0A194ED4F1007BDE4D /* SRChocoDemo-iOS */,
				8AAC8D18194ED4F1007BDE4D /* SRChocoDemo-iOSTests */,
				8AAC8D09194ED4F1007BDE4D /* Products */,
			);
			sourceTree = "<group>";
		};
		8AAC8D09194ED4F1007BDE4D /* Products */ = {
			isa = PBXGroup;
			children = (
				8AAC8D08194ED4F1007BDE4D /* SRChocoDemo-iOS.app */,
				8AAC8D15194ED4F1007BDE4D /* SRChocoDemo-iOSTests.xctest */,
			);
			name = Products;
			sourceTree = "<group>";
		};
		8AAC8D0A194ED4F1007BDE4D /* SRChocoDemo-iOS */ = {
			isa = PBXGroup;
			children = (
				8AFEDA011AFCAA8800434E44 /* SRChoco */,
				8AAC8D0D194ED4F1007BDE4D /* AppDelegate.swift */,
				8AAC8D0F194ED4F1007BDE4D /* Images.xcassets */,
				8AAC8D0B194ED4F1007BDE4D /* Supporting Files */,
				8A00388B195042910079D8D5 /* MyPlayground.playground */,
				8AFEDA521AFCAB0B00434E44 /* SRChocoDemo-iOS-Bridging-Header.h */,
			);
			path = "SRChocoDemo-iOS";
			sourceTree = "<group>";
		};
		8AAC8D0B194ED4F1007BDE4D /* Supporting Files */ = {
			isa = PBXGroup;
			children = (
				8AAC8D0C194ED4F1007BDE4D /* Info.plist */,
			);
			name = "Supporting Files";
			sourceTree = "<group>";
		};
		8AAC8D18194ED4F1007BDE4D /* SRChocoDemo-iOSTests */ = {
			isa = PBXGroup;
			children = (
				8AAC8D1B194ED4F1007BDE4D /* SRChocoDemo_iOSTests.swift */,
				8AAC8D19194ED4F1007BDE4D /* Supporting Files */,
			);
			path = "SRChocoDemo-iOSTests";
			sourceTree = "<group>";
		};
		8AAC8D19194ED4F1007BDE4D /* Supporting Files */ = {
			isa = PBXGroup;
			children = (
				8AAC8D1A194ED4F1007BDE4D /* Info.plist */,
			);
			name = "Supporting Files";
			sourceTree = "<group>";
		};
		8AFEDA011AFCAA8800434E44 /* SRChoco */ = {
			isa = PBXGroup;
			children = (
				8AFEDA021AFCAA8800434E44 /* SRAuth */,
				8AFEDA041AFCAA8800434E44 /* SRCache */,
				8AFEDA061AFCAA8800434E44 /* SRDevice */,
				8AFEDA081AFCAA8800434E44 /* SRExternalApp */,
				8AFEDA0A1AFCAA8800434E44 /* SRFileManager */,
				8AFEDA0D1AFCAA8800434E44 /* SRGCD */,
				8AFEDA111AFCAA8800434E44 /* SRHotkeyManager */,
				8AFEDA141AFCAA8800434E44 /* SRHTTP */,
				8AFEDA181AFCAA8800434E44 /* SRInputSourceManager */,
				8AFEDA1D1AFCAA8800434E44 /* SRJSON */,
				8AFEDA1F1AFCAA8800434E44 /* SRRegexp */,
				8AFEDA211AFCAA8800434E44 /* SRStartupLauncher */,
				8AFEDA241AFCAA8800434E44 /* SRStatusItemPopupController */,
				8AFEDA261AFCAA8800434E44 /* SRUUID */,
				8AFEDA281AFCAA8800434E44 /* SRWindowManager */,
				8AFEDA2D1AFCAA8800434E44 /* Utilities */,
			);
			name = SRChoco;
			path = ../../../SRChoco;
			sourceTree = "<group>";
		};
		8AFEDA021AFCAA8800434E44 /* SRAuth */ = {
			isa = PBXGroup;
			children = (
				8AFEDA031AFCAA8800434E44 /* SRAuth.swift */,
			);
			path = SRAuth;
			sourceTree = "<group>";
		};
		8AFEDA041AFCAA8800434E44 /* SRCache */ = {
			isa = PBXGroup;
			children = (
				8AFEDA051AFCAA8800434E44 /* SRCache.swift */,
			);
			path = SRCache;
			sourceTree = "<group>";
		};
		8AFEDA061AFCAA8800434E44 /* SRDevice */ = {
			isa = PBXGroup;
			children = (
				8AFEDA071AFCAA8800434E44 /* SRDevice.swift */,
			);
			path = SRDevice;
			sourceTree = "<group>";
		};
		8AFEDA081AFCAA8800434E44 /* SRExternalApp */ = {
			isa = PBXGroup;
			children = (
				8AFEDA091AFCAA8800434E44 /* SRExternalApp.swift */,
			);
			path = SRExternalApp;
			sourceTree = "<group>";
		};
		8AFEDA0A1AFCAA8800434E44 /* SRFileManager */ = {
			isa = PBXGroup;
			children = (
				8AFEDA0B1AFCAA8800434E44 /* SRDirectory.swift */,
				8AFEDA0C1AFCAA8800434E44 /* SRFile.swift */,
			);
			path = SRFileManager;
			sourceTree = "<group>";
		};
		8AFEDA0D1AFCAA8800434E44 /* SRGCD */ = {
			isa = PBXGroup;
			children = (
				8AFEDA0E1AFCAA8800434E44 /* SRDispatch.swift */,
				8AFEDA0F1AFCAA8800434E44 /* SRDispatchQueue.swift */,
				8AFEDA101AFCAA8800434E44 /* SRMutex.swift */,
				8A50621A1B00AD8B00FC87F6 /* SRSemaphore.swift */,
			);
			path = SRGCD;
			sourceTree = "<group>";
		};
		8AFEDA111AFCAA8800434E44 /* SRHotkeyManager */ = {
			isa = PBXGroup;
			children = (
				8AFEDA121AFCAA8800434E44 /* SRHotKeyManager.h */,
				8AFEDA131AFCAA8800434E44 /* SRHotKeyManager.m */,
			);
			path = SRHotkeyManager;
			sourceTree = "<group>";
		};
		8AFEDA141AFCAA8800434E44 /* SRHTTP */ = {
			isa = PBXGroup;
			children = (
				8AFEDA151AFCAA8800434E44 /* SRHTTP.swift */,
				8AFEDA161AFCAA8800434E44 /* SRHTTPRequest.swift */,
				8AFEDA171AFCAA8800434E44 /* SRHTTPResponse.swift */,
			);
			path = SRHTTP;
			sourceTree = "<group>";
		};
		8AFEDA181AFCAA8800434E44 /* SRInputSourceManager */ = {
			isa = PBXGroup;
			children = (
				8AFEDA191AFCAA8800434E44 /* SRInputSource.h */,
				8AFEDA1A1AFCAA8800434E44 /* SRInputSource.m */,
				8AFEDA1B1AFCAA8800434E44 /* SRInputSourceManager.h */,
				8AFEDA1C1AFCAA8800434E44 /* SRInputSourceManager.m */,
			);
			path = SRInputSourceManager;
			sourceTree = "<group>";
		};
		8AFEDA1D1AFCAA8800434E44 /* SRJSON */ = {
			isa = PBXGroup;
			children = (
				8AFEDA1E1AFCAA8800434E44 /* SRJSON.swift */,
			);
			path = SRJSON;
			sourceTree = "<group>";
		};
		8AFEDA1F1AFCAA8800434E44 /* SRRegexp */ = {
			isa = PBXGroup;
			children = (
				8AFEDA201AFCAA8800434E44 /* SRRegexp.swift */,
			);
			path = SRRegexp;
			sourceTree = "<group>";
		};
		8AFEDA211AFCAA8800434E44 /* SRStartupLauncher */ = {
			isa = PBXGroup;
			children = (
				8AFEDA221AFCAA8800434E44 /* SRStartupLauncher.h */,
				8AFEDA231AFCAA8800434E44 /* SRStartupLauncher.m */,
			);
			path = SRStartupLauncher;
			sourceTree = "<group>";
		};
		8AFEDA241AFCAA8800434E44 /* SRStatusItemPopupController */ = {
			isa = PBXGroup;
			children = (
				8AFEDA251AFCAA8800434E44 /* SRStatusItemPopupController.swift */,
			);
			path = SRStatusItemPopupController;
			sourceTree = "<group>";
		};
		8AFEDA261AFCAA8800434E44 /* SRUUID */ = {
			isa = PBXGroup;
			children = (
				8AFEDA271AFCAA8800434E44 /* SRUUID.swift */,
			);
			path = SRUUID;
			sourceTree = "<group>";
		};
		8AFEDA281AFCAA8800434E44 /* SRWindowManager */ = {
			isa = PBXGroup;
			children = (
				8AFEDA291AFCAA8800434E44 /* SRApplicationWindow.h */,
				8AFEDA2A1AFCAA8800434E44 /* SRApplicationWindow.m */,
				8AFEDA2B1AFCAA8800434E44 /* SRWindowManager.h */,
				8AFEDA2C1AFCAA8800434E44 /* SRWindowManager.m */,
			);
			path = SRWindowManager;
			sourceTree = "<group>";
		};
		8AFEDA2D1AFCAA8800434E44 /* Utilities */ = {
			isa = PBXGroup;
			children = (
				8AFEDA2E1AFCAA8800434E44 /* ArrayExtensions.swift */,
				8AFEDA2F1AFCAA8800434E44 /* ColorExtensions.swift */,
				8AFEDA301AFCAA8800434E44 /* DictionaryExtensions.swift */,
				8AFEDA311AFCAA8800434E44 /* Log.swift */,
				8AFEDA321AFCAA8800434E44 /* NSDateExtensions.swift */,
				8AFEDA331AFCAA8800434E44 /* StringExtensions.swift */,
				8AFEDA341AFCAA8800434E44 /* ViewExtensions.swift */,
			);
			path = Utilities;
			sourceTree = "<group>";
		};
/* End PBXGroup section */

/* Begin PBXNativeTarget section */
		8AAC8D07194ED4F1007BDE4D /* SRChocoDemo-iOS */ = {
			isa = PBXNativeTarget;
			buildConfigurationList = 8AAC8D1F194ED4F1007BDE4D /* Build configuration list for PBXNativeTarget "SRChocoDemo-iOS" */;
			buildPhases = (
				8AAC8D04194ED4F1007BDE4D /* Sources */,
				8AAC8D05194ED4F1007BDE4D /* Frameworks */,
				8AAC8D06194ED4F1007BDE4D /* Resources */,
			);
			buildRules = (
			);
			dependencies = (
			);
			name = "SRChocoDemo-iOS";
			productName = "SRChocoDemo-iOS";
			productReference = 8AAC8D08194ED4F1007BDE4D /* SRChocoDemo-iOS.app */;
			productType = "com.apple.product-type.application";
		};
		8AAC8D14194ED4F1007BDE4D /* SRChocoDemo-iOSTests */ = {
			isa = PBXNativeTarget;
			buildConfigurationList = 8AAC8D22194ED4F1007BDE4D /* Build configuration list for PBXNativeTarget "SRChocoDemo-iOSTests" */;
			buildPhases = (
				8AAC8D11194ED4F1007BDE4D /* Sources */,
				8AAC8D12194ED4F1007BDE4D /* Frameworks */,
				8AAC8D13194ED4F1007BDE4D /* Resources */,
			);
			buildRules = (
			);
			dependencies = (
				8AAC8D17194ED4F1007BDE4D /* PBXTargetDependency */,
			);
			name = "SRChocoDemo-iOSTests";
			productName = "SRChocoDemo-iOSTests";
			productReference = 8AAC8D15194ED4F1007BDE4D /* SRChocoDemo-iOSTests.xctest */;
			productType = "com.apple.product-type.bundle.unit-test";
		};
/* End PBXNativeTarget section */

/* Begin PBXProject section */
		8AAC8D00194ED4F1007BDE4D /* Project object */ = {
			isa = PBXProject;
			attributes = {
				LastUpgradeCheck = 0600;
				ORGANIZATIONNAME = Seorenn;
				TargetAttributes = {
					8AAC8D07194ED4F1007BDE4D = {
						CreatedOnToolsVersion = 6.0;
					};
					8AAC8D14194ED4F1007BDE4D = {
						CreatedOnToolsVersion = 6.0;
						TestTargetID = 8AAC8D07194ED4F1007BDE4D;
					};
				};
			};
			buildConfigurationList = 8AAC8D03194ED4F1007BDE4D /* Build configuration list for PBXProject "SRChocoDemo-iOS" */;
			compatibilityVersion = "Xcode 3.2";
			developmentRegion = English;
			hasScannedForEncodings = 0;
			knownRegions = (
				en,
			);
			mainGroup = 8AAC8CFF194ED4F1007BDE4D;
			productRefGroup = 8AAC8D09194ED4F1007BDE4D /* Products */;
			projectDirPath = "";
			projectRoot = "";
			targets = (
				8AAC8D07194ED4F1007BDE4D /* SRChocoDemo-iOS */,
				8AAC8D14194ED4F1007BDE4D /* SRChocoDemo-iOSTests */,
			);
		};
/* End PBXProject section */

/* Begin PBXResourcesBuildPhase section */
		8AAC8D06194ED4F1007BDE4D /* Resources */ = {
			isa = PBXResourcesBuildPhase;
			buildActionMask = 2147483647;
			files = (
				8AAC8D10194ED4F1007BDE4D /* Images.xcassets in Resources */,
			);
			runOnlyForDeploymentPostprocessing = 0;
		};
		8AAC8D13194ED4F1007BDE4D /* Resources */ = {
			isa = PBXResourcesBuildPhase;
			buildActionMask = 2147483647;
			files = (
			);
			runOnlyForDeploymentPostprocessing = 0;
		};
/* End PBXResourcesBuildPhase section */

/* Begin PBXSourcesBuildPhase section */
		8AAC8D04194ED4F1007BDE4D /* Sources */ = {
			isa = PBXSourcesBuildPhase;
			buildActionMask = 2147483647;
			files = (
				8AFEDA3C1AFCAA8800434E44 /* SRDispatchQueue.swift in Sources */,
				8AFEDA4C1AFCAA8800434E44 /* ColorExtensions.swift in Sources */,
				8AFEDA4E1AFCAA8800434E44 /* Log.swift in Sources */,
				8AFEDA481AFCAA8800434E44 /* SRUUID.swift in Sources */,
				8AFEDA3E1AFCAA8800434E44 /* SRHotKeyManager.m in Sources */,
				8AFEDA431AFCAA8800434E44 /* SRInputSourceManager.m in Sources */,
				8AFEDA3B1AFCAA8800434E44 /* SRDispatch.swift in Sources */,
				8AFEDA3D1AFCAA8800434E44 /* SRMutex.swift in Sources */,
				8AFEDA4F1AFCAA8800434E44 /* NSDateExtensions.swift in Sources */,
				8AFEDA391AFCAA8800434E44 /* SRDirectory.swift in Sources */,
				8AFEDA4B1AFCAA8800434E44 /* ArrayExtensions.swift in Sources */,
				8AFEDA3A1AFCAA8800434E44 /* SRFile.swift in Sources */,
				8AFEDA361AFCAA8800434E44 /* SRCache.swift in Sources */,
				8AFEDA421AFCAA8800434E44 /* SRInputSource.m in Sources */,
				8AFEDA501AFCAA8800434E44 /* StringExtensions.swift in Sources */,
				8AFEDA381AFCAA8800434E44 /* SRExternalApp.swift in Sources */,
				8AFEDA401AFCAA8800434E44 /* SRHTTPRequest.swift in Sources */,
				8AFEDA4A1AFCAA8800434E44 /* SRWindowManager.m in Sources */,
				8AFEDA4D1AFCAA8800434E44 /* DictionaryExtensions.swift in Sources */,
				8AFEDA3F1AFCAA8800434E44 /* SRHTTP.swift in Sources */,
				8AFEDA351AFCAA8800434E44 /* SRAuth.swift in Sources */,
				8AFEDA411AFCAA8800434E44 /* SRHTTPResponse.swift in Sources */,
				8AFEDA441AFCAA8800434E44 /* SRJSON.swift in Sources */,
				8AFEDA451AFCAA8800434E44 /* SRRegexp.swift in Sources */,
				8AFEDA471AFCAA8800434E44 /* SRStatusItemPopupController.swift in Sources */,
				8AFEDA371AFCAA8800434E44 /* SRDevice.swift in Sources */,
				8AFEDA491AFCAA8800434E44 /* SRApplicationWindow.m in Sources */,
				8A50621B1B00AD8B00FC87F6 /* SRSemaphore.swift in Sources */,
				8AFEDA461AFCAA8800434E44 /* SRStartupLauncher.m in Sources */,
				8AFEDA511AFCAA8800434E44 /* ViewExtensions.swift in Sources */,
				8AAC8D0E194ED4F1007BDE4D /* AppDelegate.swift in Sources */,
			);
			runOnlyForDeploymentPostprocessing = 0;
		};
		8AAC8D11194ED4F1007BDE4D /* Sources */ = {
			isa = PBXSourcesBuildPhase;
			buildActionMask = 2147483647;
			files = (
				8AAC8D1C194ED4F1007BDE4D /* SRChocoDemo_iOSTests.swift in Sources */,
			);
			runOnlyForDeploymentPostprocessing = 0;
		};
/* End PBXSourcesBuildPhase section */

/* Begin PBXTargetDependency section */
		8AAC8D17194ED4F1007BDE4D /* PBXTargetDependency */ = {
			isa = PBXTargetDependency;
			target = 8AAC8D07194ED4F1007BDE4D /* SRChocoDemo-iOS */;
			targetProxy = 8AAC8D16194ED4F1007BDE4D /* PBXContainerItemProxy */;
		};
/* End PBXTargetDependency section */

/* Begin XCBuildConfiguration section */
		8AAC8D1D194ED4F1007BDE4D /* Debug */ = {
			isa = XCBuildConfiguration;
			buildSettings = {
				ALWAYS_SEARCH_USER_PATHS = NO;
				CLANG_CXX_LANGUAGE_STANDARD = "gnu++0x";
				CLANG_CXX_LIBRARY = "libc++";
				CLANG_ENABLE_MODULES = YES;
				CLANG_ENABLE_OBJC_ARC = YES;
				CLANG_WARN_BOOL_CONVERSION = YES;
				CLANG_WARN_CONSTANT_CONVERSION = YES;
				CLANG_WARN_DIRECT_OBJC_ISA_USAGE = YES_ERROR;
				CLANG_WARN_EMPTY_BODY = YES;
				CLANG_WARN_ENUM_CONVERSION = YES;
				CLANG_WARN_INT_CONVERSION = YES;
				CLANG_WARN_OBJC_ROOT_CLASS = YES_ERROR;
				CLANG_WARN_UNREACHABLE_CODE = YES;
				CLANG_WARN__DUPLICATE_METHOD_MATCH = YES;
				"CODE_SIGN_IDENTITY[sdk=iphoneos*]" = "iPhone Developer";
				COPY_PHASE_STRIP = NO;
				ENABLE_STRICT_OBJC_MSGSEND = YES;
				GCC_C_LANGUAGE_STANDARD = gnu99;
				GCC_DYNAMIC_NO_PIC = NO;
				GCC_OPTIMIZATION_LEVEL = 0;
				GCC_PREPROCESSOR_DEFINITIONS = (
					"DEBUG=1",
					"$(inherited)",
				);
				GCC_SYMBOLS_PRIVATE_EXTERN = NO;
				GCC_WARN_64_TO_32_BIT_CONVERSION = YES;
				GCC_WARN_ABOUT_RETURN_TYPE = YES_ERROR;
				GCC_WARN_UNDECLARED_SELECTOR = YES;
				GCC_WARN_UNINITIALIZED_AUTOS = YES_AGGRESSIVE;
				GCC_WARN_UNUSED_FUNCTION = YES;
				GCC_WARN_UNUSED_VARIABLE = YES;
				IPHONEOS_DEPLOYMENT_TARGET = 7.1;
				METAL_ENABLE_DEBUG_INFO = YES;
				ONLY_ACTIVE_ARCH = YES;
				SDKROOT = iphoneos;
				SWIFT_OPTIMIZATION_LEVEL = "-Onone";
			};
			name = Debug;
		};
		8AAC8D1E194ED4F1007BDE4D /* Release */ = {
			isa = XCBuildConfiguration;
			buildSettings = {
				ALWAYS_SEARCH_USER_PATHS = NO;
				CLANG_CXX_LANGUAGE_STANDARD = "gnu++0x";
				CLANG_CXX_LIBRARY = "libc++";
				CLANG_ENABLE_MODULES = YES;
				CLANG_ENABLE_OBJC_ARC = YES;
				CLANG_WARN_BOOL_CONVERSION = YES;
				CLANG_WARN_CONSTANT_CONVERSION = YES;
				CLANG_WARN_DIRECT_OBJC_ISA_USAGE = YES_ERROR;
				CLANG_WARN_EMPTY_BODY = YES;
				CLANG_WARN_ENUM_CONVERSION = YES;
				CLANG_WARN_INT_CONVERSION = YES;
				CLANG_WARN_OBJC_ROOT_CLASS = YES_ERROR;
				CLANG_WARN_UNREACHABLE_CODE = YES;
				CLANG_WARN__DUPLICATE_METHOD_MATCH = YES;
				"CODE_SIGN_IDENTITY[sdk=iphoneos*]" = "iPhone Developer";
				COPY_PHASE_STRIP = YES;
				ENABLE_NS_ASSERTIONS = NO;
				ENABLE_STRICT_OBJC_MSGSEND = YES;
				GCC_C_LANGUAGE_STANDARD = gnu99;
				GCC_WARN_64_TO_32_BIT_CONVERSION = YES;
				GCC_WARN_ABOUT_RETURN_TYPE = YES_ERROR;
				GCC_WARN_UNDECLARED_SELECTOR = YES;
				GCC_WARN_UNINITIALIZED_AUTOS = YES_AGGRESSIVE;
				GCC_WARN_UNUSED_FUNCTION = YES;
				GCC_WARN_UNUSED_VARIABLE = YES;
				IPHONEOS_DEPLOYMENT_TARGET = 7.1;
				METAL_ENABLE_DEBUG_INFO = NO;
				SDKROOT = iphoneos;
				VALIDATE_PRODUCT = YES;
			};
			name = Release;
		};
		8AAC8D20194ED4F1007BDE4D /* Debug */ = {
			isa = XCBuildConfiguration;
			buildSettings = {
				ASSETCATALOG_COMPILER_APPICON_NAME = AppIcon;
				ASSETCATALOG_COMPILER_LAUNCHIMAGE_NAME = LaunchImage;
				INFOPLIST_FILE = "SRChocoDemo-iOS/Info.plist";
				LD_RUNPATH_SEARCH_PATHS = "$(inherited) @executable_path/Frameworks";
				PRODUCT_NAME = "$(TARGET_NAME)";
				SWIFT_OBJC_BRIDGING_HEADER = "$(SRCROOT)/SRChocoDemo-iOS/SRChocoDemo-iOS-Bridging-Header.h";
			};
			name = Debug;
		};
		8AAC8D21194ED4F1007BDE4D /* Release */ = {
			isa = XCBuildConfiguration;
			buildSettings = {
				ASSETCATALOG_COMPILER_APPICON_NAME = AppIcon;
				ASSETCATALOG_COMPILER_LAUNCHIMAGE_NAME = LaunchImage;
				INFOPLIST_FILE = "SRChocoDemo-iOS/Info.plist";
				LD_RUNPATH_SEARCH_PATHS = "$(inherited) @executable_path/Frameworks";
				PRODUCT_NAME = "$(TARGET_NAME)";
				SWIFT_OBJC_BRIDGING_HEADER = "$(SRCROOT)/SRChocoDemo-iOS/SRChocoDemo-iOS-Bridging-Header.h";
			};
			name = Release;
		};
		8AAC8D23194ED4F1007BDE4D /* Debug */ = {
			isa = XCBuildConfiguration;
			buildSettings = {
				BUNDLE_LOADER = "$(BUILT_PRODUCTS_DIR)/SRChocoDemo-iOS.app/SRChocoDemo-iOS";
				FRAMEWORK_SEARCH_PATHS = (
					"$(SDKROOT)/Developer/Library/Frameworks",
					"$(inherited)",
				);
				GCC_PREPROCESSOR_DEFINITIONS = (
					"DEBUG=1",
					"$(inherited)",
				);
				INFOPLIST_FILE = "SRChocoDemo-iOSTests/Info.plist";
				LD_RUNPATH_SEARCH_PATHS = "$(inherited) @executable_path/Frameworks @loader_path/Frameworks";
				METAL_ENABLE_DEBUG_INFO = YES;
				PRODUCT_NAME = "$(TARGET_NAME)";
				SWIFT_OBJC_BRIDGING_HEADER = "";
				TEST_HOST = "$(BUNDLE_LOADER)";
			};
			name = Debug;
		};
		8AAC8D24194ED4F1007BDE4D /* Release */ = {
			isa = XCBuildConfiguration;
			buildSettings = {
				BUNDLE_LOADER = "$(BUILT_PRODUCTS_DIR)/SRChocoDemo-iOS.app/SRChocoDemo-iOS";
				FRAMEWORK_SEARCH_PATHS = (
					"$(SDKROOT)/Developer/Library/Frameworks",
					"$(inherited)",
				);
				INFOPLIST_FILE = "SRChocoDemo-iOSTests/Info.plist";
				LD_RUNPATH_SEARCH_PATHS = "$(inherited) @executable_path/Frameworks @loader_path/Frameworks";
				METAL_ENABLE_DEBUG_INFO = NO;
				PRODUCT_NAME = "$(TARGET_NAME)";
				SWIFT_OBJC_BRIDGING_HEADER = "";
				TEST_HOST = "$(BUNDLE_LOADER)";
			};
			name = Release;
		};
/* End XCBuildConfiguration section */

/* Begin XCConfigurationList section */
		8AAC8D03194ED4F1007BDE4D /* Build configuration list for PBXProject "SRChocoDemo-iOS" */ = {
			isa = XCConfigurationList;
			buildConfigurations = (
				8AAC8D1D194ED4F1007BDE4D /* Debug */,
				8AAC8D1E194ED4F1007BDE4D /* Release */,
			);
			defaultConfigurationIsVisible = 0;
			defaultConfigurationName = Release;
		};
		8AAC8D1F194ED4F1007BDE4D /* Build configuration list for PBXNativeTarget "SRChocoDemo-iOS" */ = {
			isa = XCConfigurationList;
			buildConfigurations = (
				8AAC8D20194ED4F1007BDE4D /* Debug */,
				8AAC8D21194ED4F1007BDE4D /* Release */,
			);
			defaultConfigurationIsVisible = 0;
			defaultConfigurationName = Release;
		};
		8AAC8D22194ED4F1007BDE4D /* Build configuration list for PBXNativeTarget "SRChocoDemo-iOSTests" */ = {
			isa = XCConfigurationList;
			buildConfigurations = (
				8AAC8D23194ED4F1007BDE4D /* Debug */,
				8AAC8D24194ED4F1007BDE4D /* Release */,
			);
			defaultConfigurationIsVisible = 0;
			defaultConfigurationName = Release;
		};
/* End XCConfigurationList section */
	};
	rootObject = 8AAC8D00194ED4F1007BDE4D /* Project object */;
}
