// !$*UTF8*$!
{
	archiveVersion = 1;
	classes = {
	};
	objectVersion = 46;
	objects = {

/* Begin PBXBuildFile section */
		8A1AA89C193C717A00BABC2B /* Foundation.framework in Frameworks */ = {isa = PBXBuildFile; fileRef = 8A1AA89B193C717A00BABC2B /* Foundation.framework */; };
		8A1AA89E193C717A00BABC2B /* CoreGraphics.framework in Frameworks */ = {isa = PBXBuildFile; fileRef = 8A1AA89D193C717A00BABC2B /* CoreGraphics.framework */; };
		8A1AA8A0193C717A00BABC2B /* UIKit.framework in Frameworks */ = {isa = PBXBuildFile; fileRef = 8A1AA89F193C717A00BABC2B /* UIKit.framework */; };
		8A1AA8A6193C717A00BABC2B /* InfoPlist.strings in Resources */ = {isa = PBXBuildFile; fileRef = 8A1AA8A4193C717A00BABC2B /* InfoPlist.strings */; };
		8A1AA8A8193C717A00BABC2B /* main.m in Sources */ = {isa = PBXBuildFile; fileRef = 8A1AA8A7193C717A00BABC2B /* main.m */; };
		8A1AA8AC193C717A00BABC2B /* AppDelegate.m in Sources */ = {isa = PBXBuildFile; fileRef = 8A1AA8AB193C717A00BABC2B /* AppDelegate.m */; };
		8A1AA8AE193C717A00BABC2B /* Images.xcassets in Resources */ = {isa = PBXBuildFile; fileRef = 8A1AA8AD193C717A00BABC2B /* Images.xcassets */; };
		8A1AA8B5193C717A00BABC2B /* XCTest.framework in Frameworks */ = {isa = PBXBuildFile; fileRef = 8A1AA8B4193C717A00BABC2B /* XCTest.framework */; };
		8A1AA8B6193C717A00BABC2B /* Foundation.framework in Frameworks */ = {isa = PBXBuildFile; fileRef = 8A1AA89B193C717A00BABC2B /* Foundation.framework */; };
		8A1AA8B7193C717A00BABC2B /* UIKit.framework in Frameworks */ = {isa = PBXBuildFile; fileRef = 8A1AA89F193C717A00BABC2B /* UIKit.framework */; };
		8A1AA8BF193C717A00BABC2B /* InfoPlist.strings in Resources */ = {isa = PBXBuildFile; fileRef = 8A1AA8BD193C717A00BABC2B /* InfoPlist.strings */; };
		8A1AA8C1193C717A00BABC2B /* SRChocoDemoiOSTests.m in Sources */ = {isa = PBXBuildFile; fileRef = 8A1AA8C0193C717A00BABC2B /* SRChocoDemoiOSTests.m */; };
/* End PBXBuildFile section */

/* Begin PBXContainerItemProxy section */
		8A1AA8B8193C717A00BABC2B /* PBXContainerItemProxy */ = {
			isa = PBXContainerItemProxy;
			containerPortal = 8A1AA890193C717A00BABC2B /* Project object */;
			proxyType = 1;
			remoteGlobalIDString = 8A1AA897193C717A00BABC2B;
			remoteInfo = SRChocoDemoiOS;
		};
/* End PBXContainerItemProxy section */

/* Begin PBXFileReference section */
		8A1AA898193C717A00BABC2B /* SRChocoDemoiOS.app */ = {isa = PBXFileReference; explicitFileType = wrapper.application; includeInIndex = 0; path = SRChocoDemoiOS.app; sourceTree = BUILT_PRODUCTS_DIR; };
		8A1AA89B193C717A00BABC2B /* Foundation.framework */ = {isa = PBXFileReference; lastKnownFileType = wrapper.framework; name = Foundation.framework; path = System/Library/Frameworks/Foundation.framework; sourceTree = SDKROOT; };
		8A1AA89D193C717A00BABC2B /* CoreGraphics.framework */ = {isa = PBXFileReference; lastKnownFileType = wrapper.framework; name = CoreGraphics.framework; path = System/Library/Frameworks/CoreGraphics.framework; sourceTree = SDKROOT; };
		8A1AA89F193C717A00BABC2B /* UIKit.framework */ = {isa = PBXFileReference; lastKnownFileType = wrapper.framework; name = UIKit.framework; path = System/Library/Frameworks/UIKit.framework; sourceTree = SDKROOT; };
		8A1AA8A3193C717A00BABC2B /* SRChocoDemoiOS-Info.plist */ = {isa = PBXFileReference; lastKnownFileType = text.plist.xml; path = "SRChocoDemoiOS-Info.plist"; sourceTree = "<group>"; };
		8A1AA8A5193C717A00BABC2B /* en */ = {isa = PBXFileReference; lastKnownFileType = text.plist.strings; name = en; path = en.lproj/InfoPlist.strings; sourceTree = "<group>"; };
		8A1AA8A7193C717A00BABC2B /* main.m */ = {isa = PBXFileReference; lastKnownFileType = sourcecode.c.objc; path = main.m; sourceTree = "<group>"; };
		8A1AA8A9193C717A00BABC2B /* SRChocoDemoiOS-Prefix.pch */ = {isa = PBXFileReference; lastKnownFileType = sourcecode.c.h; path = "SRChocoDemoiOS-Prefix.pch"; sourceTree = "<group>"; };
		8A1AA8AA193C717A00BABC2B /* AppDelegate.h */ = {isa = PBXFileReference; lastKnownFileType = sourcecode.c.h; path = AppDelegate.h; sourceTree = "<group>"; };
		8A1AA8AB193C717A00BABC2B /* AppDelegate.m */ = {isa = PBXFileReference; lastKnownFileType = sourcecode.c.objc; path = AppDelegate.m; sourceTree = "<group>"; };
		8A1AA8AD193C717A00BABC2B /* Images.xcassets */ = {isa = PBXFileReference; lastKnownFileType = folder.assetcatalog; path = Images.xcassets; sourceTree = "<group>"; };
		8A1AA8B3193C717A00BABC2B /* SRChocoDemoiOSTests.xctest */ = {isa = PBXFileReference; explicitFileType = wrapper.cfbundle; includeInIndex = 0; path = SRChocoDemoiOSTests.xctest; sourceTree = BUILT_PRODUCTS_DIR; };
		8A1AA8B4193C717A00BABC2B /* XCTest.framework */ = {isa = PBXFileReference; lastKnownFileType = wrapper.framework; name = XCTest.framework; path = Library/Frameworks/XCTest.framework; sourceTree = DEVELOPER_DIR; };
		8A1AA8BC193C717A00BABC2B /* SRChocoDemoiOSTests-Info.plist */ = {isa = PBXFileReference; lastKnownFileType = text.plist.xml; path = "SRChocoDemoiOSTests-Info.plist"; sourceTree = "<group>"; };
		8A1AA8BE193C717A00BABC2B /* en */ = {isa = PBXFileReference; lastKnownFileType = text.plist.strings; name = en; path = en.lproj/InfoPlist.strings; sourceTree = "<group>"; };
		8A1AA8C0193C717A00BABC2B /* SRChocoDemoiOSTests.m */ = {isa = PBXFileReference; lastKnownFileType = sourcecode.c.objc; path = SRChocoDemoiOSTests.m; sourceTree = "<group>"; };
/* End PBXFileReference section */

/* Begin PBXFrameworksBuildPhase section */
		8A1AA895193C717A00BABC2B /* Frameworks */ = {
			isa = PBXFrameworksBuildPhase;
			buildActionMask = 2147483647;
			files = (
				8A1AA89E193C717A00BABC2B /* CoreGraphics.framework in Frameworks */,
				8A1AA8A0193C717A00BABC2B /* UIKit.framework in Frameworks */,
				8A1AA89C193C717A00BABC2B /* Foundation.framework in Frameworks */,
			);
			runOnlyForDeploymentPostprocessing = 0;
		};
		8A1AA8B0193C717A00BABC2B /* Frameworks */ = {
			isa = PBXFrameworksBuildPhase;
			buildActionMask = 2147483647;
			files = (
				8A1AA8B5193C717A00BABC2B /* XCTest.framework in Frameworks */,
				8A1AA8B7193C717A00BABC2B /* UIKit.framework in Frameworks */,
				8A1AA8B6193C717A00BABC2B /* Foundation.framework in Frameworks */,
			);
			runOnlyForDeploymentPostprocessing = 0;
		};
/* End PBXFrameworksBuildPhase section */

/* Begin PBXGroup section */
		8A1AA88F193C717A00BABC2B = {
			isa = PBXGroup;
			children = (
				8A1AA8A1193C717A00BABC2B /* SRChocoDemoiOS */,
				8A1AA8BA193C717A00BABC2B /* SRChocoDemoiOSTests */,
				8A1AA89A193C717A00BABC2B /* Frameworks */,
				8A1AA899193C717A00BABC2B /* Products */,
			);
			sourceTree = "<group>";
		};
		8A1AA899193C717A00BABC2B /* Products */ = {
			isa = PBXGroup;
			children = (
				8A1AA898193C717A00BABC2B /* SRChocoDemoiOS.app */,
				8A1AA8B3193C717A00BABC2B /* SRChocoDemoiOSTests.xctest */,
			);
			name = Products;
			sourceTree = "<group>";
		};
		8A1AA89A193C717A00BABC2B /* Frameworks */ = {
			isa = PBXGroup;
			children = (
				8A1AA89B193C717A00BABC2B /* Foundation.framework */,
				8A1AA89D193C717A00BABC2B /* CoreGraphics.framework */,
				8A1AA89F193C717A00BABC2B /* UIKit.framework */,
				8A1AA8B4193C717A00BABC2B /* XCTest.framework */,
			);
			name = Frameworks;
			sourceTree = "<group>";
		};
		8A1AA8A1193C717A00BABC2B /* SRChocoDemoiOS */ = {
			isa = PBXGroup;
			children = (
				8A1AA8AA193C717A00BABC2B /* AppDelegate.h */,
				8A1AA8AB193C717A00BABC2B /* AppDelegate.m */,
				8A1AA8AD193C717A00BABC2B /* Images.xcassets */,
				8A1AA8A2193C717A00BABC2B /* Supporting Files */,
			);
			path = SRChocoDemoiOS;
			sourceTree = "<group>";
		};
		8A1AA8A2193C717A00BABC2B /* Supporting Files */ = {
			isa = PBXGroup;
			children = (
				8A1AA8A3193C717A00BABC2B /* SRChocoDemoiOS-Info.plist */,
				8A1AA8A4193C717A00BABC2B /* InfoPlist.strings */,
				8A1AA8A7193C717A00BABC2B /* main.m */,
				8A1AA8A9193C717A00BABC2B /* SRChocoDemoiOS-Prefix.pch */,
			);
			name = "Supporting Files";
			sourceTree = "<group>";
		};
		8A1AA8BA193C717A00BABC2B /* SRChocoDemoiOSTests */ = {
			isa = PBXGroup;
			children = (
				8A1AA8C0193C717A00BABC2B /* SRChocoDemoiOSTests.m */,
				8A1AA8BB193C717A00BABC2B /* Supporting Files */,
			);
			path = SRChocoDemoiOSTests;
			sourceTree = "<group>";
		};
		8A1AA8BB193C717A00BABC2B /* Supporting Files */ = {
			isa = PBXGroup;
			children = (
				8A1AA8BC193C717A00BABC2B /* SRChocoDemoiOSTests-Info.plist */,
				8A1AA8BD193C717A00BABC2B /* InfoPlist.strings */,
			);
			name = "Supporting Files";
			sourceTree = "<group>";
		};
/* End PBXGroup section */

/* Begin PBXNativeTarget section */
		8A1AA897193C717A00BABC2B /* SRChocoDemoiOS */ = {
			isa = PBXNativeTarget;
			buildConfigurationList = 8A1AA8C4193C717A00BABC2B /* Build configuration list for PBXNativeTarget "SRChocoDemoiOS" */;
			buildPhases = (
				8A1AA894193C717A00BABC2B /* Sources */,
				8A1AA895193C717A00BABC2B /* Frameworks */,
				8A1AA896193C717A00BABC2B /* Resources */,
			);
			buildRules = (
			);
			dependencies = (
			);
			name = SRChocoDemoiOS;
			productName = SRChocoDemoiOS;
			productReference = 8A1AA898193C717A00BABC2B /* SRChocoDemoiOS.app */;
			productType = "com.apple.product-type.application";
		};
		8A1AA8B2193C717A00BABC2B /* SRChocoDemoiOSTests */ = {
			isa = PBXNativeTarget;
			buildConfigurationList = 8A1AA8C7193C717A00BABC2B /* Build configuration list for PBXNativeTarget "SRChocoDemoiOSTests" */;
			buildPhases = (
				8A1AA8AF193C717A00BABC2B /* Sources */,
				8A1AA8B0193C717A00BABC2B /* Frameworks */,
				8A1AA8B1193C717A00BABC2B /* Resources */,
			);
			buildRules = (
			);
			dependencies = (
				8A1AA8B9193C717A00BABC2B /* PBXTargetDependency */,
			);
			name = SRChocoDemoiOSTests;
			productName = SRChocoDemoiOSTests;
			productReference = 8A1AA8B3193C717A00BABC2B /* SRChocoDemoiOSTests.xctest */;
			productType = "com.apple.product-type.bundle.unit-test";
		};
/* End PBXNativeTarget section */

/* Begin PBXProject section */
		8A1AA890193C717A00BABC2B /* Project object */ = {
			isa = PBXProject;
			attributes = {
				LastUpgradeCheck = 0510;
				ORGANIZATIONNAME = Seorenn;
				TargetAttributes = {
					8A1AA8B2193C717A00BABC2B = {
						TestTargetID = 8A1AA897193C717A00BABC2B;
					};
				};
			};
			buildConfigurationList = 8A1AA893193C717A00BABC2B /* Build configuration list for PBXProject "SRChocoDemoiOS" */;
			compatibilityVersion = "Xcode 3.2";
			developmentRegion = English;
			hasScannedForEncodings = 0;
			knownRegions = (
				en,
			);
			mainGroup = 8A1AA88F193C717A00BABC2B;
			productRefGroup = 8A1AA899193C717A00BABC2B /* Products */;
			projectDirPath = "";
			projectRoot = "";
			targets = (
				8A1AA897193C717A00BABC2B /* SRChocoDemoiOS */,
				8A1AA8B2193C717A00BABC2B /* SRChocoDemoiOSTests */,
			);
		};
/* End PBXProject section */

/* Begin PBXResourcesBuildPhase section */
		8A1AA896193C717A00BABC2B /* Resources */ = {
			isa = PBXResourcesBuildPhase;
			buildActionMask = 2147483647;
			files = (
				8A1AA8A6193C717A00BABC2B /* InfoPlist.strings in Resources */,
				8A1AA8AE193C717A00BABC2B /* Images.xcassets in Resources */,
			);
			runOnlyForDeploymentPostprocessing = 0;
		};
		8A1AA8B1193C717A00BABC2B /* Resources */ = {
			isa = PBXResourcesBuildPhase;
			buildActionMask = 2147483647;
			files = (
				8A1AA8BF193C717A00BABC2B /* InfoPlist.strings in Resources */,
			);
			runOnlyForDeploymentPostprocessing = 0;
		};
/* End PBXResourcesBuildPhase section */

/* Begin PBXSourcesBuildPhase section */
		8A1AA894193C717A00BABC2B /* Sources */ = {
			isa = PBXSourcesBuildPhase;
			buildActionMask = 2147483647;
			files = (
				8A1AA8AC193C717A00BABC2B /* AppDelegate.m in Sources */,
				8A1AA8A8193C717A00BABC2B /* main.m in Sources */,
			);
			runOnlyForDeploymentPostprocessing = 0;
		};
		8A1AA8AF193C717A00BABC2B /* Sources */ = {
			isa = PBXSourcesBuildPhase;
			buildActionMask = 2147483647;
			files = (
				8A1AA8C1193C717A00BABC2B /* SRChocoDemoiOSTests.m in Sources */,
			);
			runOnlyForDeploymentPostprocessing = 0;
		};
/* End PBXSourcesBuildPhase section */

/* Begin PBXTargetDependency section */
		8A1AA8B9193C717A00BABC2B /* PBXTargetDependency */ = {
			isa = PBXTargetDependency;
			target = 8A1AA897193C717A00BABC2B /* SRChocoDemoiOS */;
			targetProxy = 8A1AA8B8193C717A00BABC2B /* PBXContainerItemProxy */;
		};
/* End PBXTargetDependency section */

/* Begin PBXVariantGroup section */
		8A1AA8A4193C717A00BABC2B /* InfoPlist.strings */ = {
			isa = PBXVariantGroup;
			children = (
				8A1AA8A5193C717A00BABC2B /* en */,
			);
			name = InfoPlist.strings;
			sourceTree = "<group>";
		};
		8A1AA8BD193C717A00BABC2B /* InfoPlist.strings */ = {
			isa = PBXVariantGroup;
			children = (
				8A1AA8BE193C717A00BABC2B /* en */,
			);
			name = InfoPlist.strings;
			sourceTree = "<group>";
		};
/* End PBXVariantGroup section */

/* Begin XCBuildConfiguration section */
		8A1AA8C2193C717A00BABC2B /* Debug */ = {
			isa = XCBuildConfiguration;
			buildSettings = {
				ALWAYS_SEARCH_USER_PATHS = NO;
				CLANG_CXX_LANGUAGE_STANDARD = "gnu++0x";
				CLANG_CXX_LIBRARY = "libc++";
				CLANG_ENABLE_MODULES = YES;
				CLANG_ENABLE_OBJC_ARC = YES;
				CLANG_WARN_BOOL_CONVERSION = YES;
				CLANG_WARN_CONSTANT_CONVERSION = YES;
				CLANG_WARN_DIRECT_OBJC_ISA_USAGE = YES_ERROR;
				CLANG_WARN_EMPTY_BODY = YES;
				CLANG_WARN_ENUM_CONVERSION = YES;
				CLANG_WARN_INT_CONVERSION = YES;
				CLANG_WARN_OBJC_ROOT_CLASS = YES_ERROR;
				CLANG_WARN__DUPLICATE_METHOD_MATCH = YES;
				"CODE_SIGN_IDENTITY[sdk=iphoneos*]" = "iPhone Developer";
				COPY_PHASE_STRIP = NO;
				GCC_C_LANGUAGE_STANDARD = gnu99;
				GCC_DYNAMIC_NO_PIC = NO;
				GCC_OPTIMIZATION_LEVEL = 0;
				GCC_PREPROCESSOR_DEFINITIONS = (
					"DEBUG=1",
					"$(inherited)",
				);
				GCC_SYMBOLS_PRIVATE_EXTERN = NO;
				GCC_WARN_64_TO_32_BIT_CONVERSION = YES;
				GCC_WARN_ABOUT_RETURN_TYPE = YES_ERROR;
				GCC_WARN_UNDECLARED_SELECTOR = YES;
				GCC_WARN_UNINITIALIZED_AUTOS = YES_AGGRESSIVE;
				GCC_WARN_UNUSED_FUNCTION = YES;
				GCC_WARN_UNUSED_VARIABLE = YES;
				IPHONEOS_DEPLOYMENT_TARGET = 7.1;
				ONLY_ACTIVE_ARCH = YES;
				SDKROOT = iphoneos;
			};
			name = Debug;
		};
		8A1AA8C3193C717A00BABC2B /* Release */ = {
			isa = XCBuildConfiguration;
			buildSettings = {
				ALWAYS_SEARCH_USER_PATHS = NO;
				CLANG_CXX_LANGUAGE_STANDARD = "gnu++0x";
				CLANG_CXX_LIBRARY = "libc++";
				CLANG_ENABLE_MODULES = YES;
				CLANG_ENABLE_OBJC_ARC = YES;
				CLANG_WARN_BOOL_CONVERSION = YES;
				CLANG_WARN_CONSTANT_CONVERSION = YES;
				CLANG_WARN_DIRECT_OBJC_ISA_USAGE = YES_ERROR;
				CLANG_WARN_EMPTY_BODY = YES;
				CLANG_WARN_ENUM_CONVERSION = YES;
				CLANG_WARN_INT_CONVERSION = YES;
				CLANG_WARN_OBJC_ROOT_CLASS = YES_ERROR;
				CLANG_WARN__DUPLICATE_METHOD_MATCH = YES;
				"CODE_SIGN_IDENTITY[sdk=iphoneos*]" = "iPhone Developer";
				COPY_PHASE_STRIP = YES;
				ENABLE_NS_ASSERTIONS = NO;
				GCC_C_LANGUAGE_STANDARD = gnu99;
				GCC_WARN_64_TO_32_BIT_CONVERSION = YES;
				GCC_WARN_ABOUT_RETURN_TYPE = YES_ERROR;
				GCC_WARN_UNDECLARED_SELECTOR = YES;
				GCC_WARN_UNINITIALIZED_AUTOS = YES_AGGRESSIVE;
				GCC_WARN_UNUSED_FUNCTION = YES;
				GCC_WARN_UNUSED_VARIABLE = YES;
				IPHONEOS_DEPLOYMENT_TARGET = 7.1;
				SDKROOT = iphoneos;
				VALIDATE_PRODUCT = YES;
			};
			name = Release;
		};
		8A1AA8C5193C717A00BABC2B /* Debug */ = {
			isa = XCBuildConfiguration;
			buildSettings = {
				ASSETCATALOG_COMPILER_APPICON_NAME = AppIcon;
				ASSETCATALOG_COMPILER_LAUNCHIMAGE_NAME = LaunchImage;
				GCC_PRECOMPILE_PREFIX_HEADER = YES;
				GCC_PREFIX_HEADER = "SRChocoDemoiOS/SRChocoDemoiOS-Prefix.pch";
				INFOPLIST_FILE = "SRChocoDemoiOS/SRChocoDemoiOS-Info.plist";
				PRODUCT_NAME = "$(TARGET_NAME)";
				WRAPPER_EXTENSION = app;
			};
			name = Debug;
		};
		8A1AA8C6193C717A00BABC2B /* Release */ = {
			isa = XCBuildConfiguration;
			buildSettings = {
				ASSETCATALOG_COMPILER_APPICON_NAME = AppIcon;
				ASSETCATALOG_COMPILER_LAUNCHIMAGE_NAME = LaunchImage;
				GCC_PRECOMPILE_PREFIX_HEADER = YES;
				GCC_PREFIX_HEADER = "SRChocoDemoiOS/SRChocoDemoiOS-Prefix.pch";
				INFOPLIST_FILE = "SRChocoDemoiOS/SRChocoDemoiOS-Info.plist";
				PRODUCT_NAME = "$(TARGET_NAME)";
				WRAPPER_EXTENSION = app;
			};
			name = Release;
		};
		8A1AA8C8193C717A00BABC2B /* Debug */ = {
			isa = XCBuildConfiguration;
			buildSettings = {
				BUNDLE_LOADER = "$(BUILT_PRODUCTS_DIR)/SRChocoDemoiOS.app/SRChocoDemoiOS";
				FRAMEWORK_SEARCH_PATHS = (
					"$(SDKROOT)/Developer/Library/Frameworks",
					"$(inherited)",
					"$(DEVELOPER_FRAMEWORKS_DIR)",
				);
				GCC_PRECOMPILE_PREFIX_HEADER = YES;
				GCC_PREFIX_HEADER = "SRChocoDemoiOS/SRChocoDemoiOS-Prefix.pch";
				GCC_PREPROCESSOR_DEFINITIONS = (
					"DEBUG=1",
					"$(inherited)",
				);
				INFOPLIST_FILE = "SRChocoDemoiOSTests/SRChocoDemoiOSTests-Info.plist";
				PRODUCT_NAME = "$(TARGET_NAME)";
				TEST_HOST = "$(BUNDLE_LOADER)";
				WRAPPER_EXTENSION = xctest;
			};
			name = Debug;
		};
		8A1AA8C9193C717A00BABC2B /* Release */ = {
			isa = XCBuildConfiguration;
			buildSettings = {
				BUNDLE_LOADER = "$(BUILT_PRODUCTS_DIR)/SRChocoDemoiOS.app/SRChocoDemoiOS";
				FRAMEWORK_SEARCH_PATHS = (
					"$(SDKROOT)/Developer/Library/Frameworks",
					"$(inherited)",
					"$(DEVELOPER_FRAMEWORKS_DIR)",
				);
				GCC_PRECOMPILE_PREFIX_HEADER = YES;
				GCC_PREFIX_HEADER = "SRChocoDemoiOS/SRChocoDemoiOS-Prefix.pch";
				INFOPLIST_FILE = "SRChocoDemoiOSTests/SRChocoDemoiOSTests-Info.plist";
				PRODUCT_NAME = "$(TARGET_NAME)";
				TEST_HOST = "$(BUNDLE_LOADER)";
				WRAPPER_EXTENSION = xctest;
			};
			name = Release;
		};
/* End XCBuildConfiguration section */

/* Begin XCConfigurationList section */
		8A1AA893193C717A00BABC2B /* Build configuration list for PBXProject "SRChocoDemoiOS" */ = {
			isa = XCConfigurationList;
			buildConfigurations = (
				8A1AA8C2193C717A00BABC2B /* Debug */,
				8A1AA8C3193C717A00BABC2B /* Release */,
			);
			defaultConfigurationIsVisible = 0;
			defaultConfigurationName = Release;
		};
		8A1AA8C4193C717A00BABC2B /* Build configuration list for PBXNativeTarget "SRChocoDemoiOS" */ = {
			isa = XCConfigurationList;
			buildConfigurations = (
				8A1AA8C5193C717A00BABC2B /* Debug */,
				8A1AA8C6193C717A00BABC2B /* Release */,
			);
			defaultConfigurationIsVisible = 0;
		};
		8A1AA8C7193C717A00BABC2B /* Build configuration list for PBXNativeTarget "SRChocoDemoiOSTests" */ = {
			isa = XCConfigurationList;
			buildConfigurations = (
				8A1AA8C8193C717A00BABC2B /* Debug */,
				8A1AA8C9193C717A00BABC2B /* Release */,
			);
			defaultConfigurationIsVisible = 0;
		};
/* End XCConfigurationList section */
	};
	rootObject = 8A1AA890193C717A00BABC2B /* Project object */;
}
