// !$*UTF8*$!
{
	archiveVersion = 1;
	classes = {
	};
	objectVersion = 46;
	objects = {

/* Begin PBXBuildFile section */
		8A1AA818193C70DF00BABC2B /* Cocoa.framework in Frameworks */ = {isa = PBXBuildFile; fileRef = 8A1AA817193C70DF00BABC2B /* Cocoa.framework */; };
		8A1AA822193C70DF00BABC2B /* InfoPlist.strings in Resources */ = {isa = PBXBuildFile; fileRef = 8A1AA820193C70DF00BABC2B /* InfoPlist.strings */; };
		8A1AA824193C70DF00BABC2B /* main.m in Sources */ = {isa = PBXBuildFile; fileRef = 8A1AA823193C70DF00BABC2B /* main.m */; };
		8A1AA828193C70DF00BABC2B /* Credits.rtf in Resources */ = {isa = PBXBuildFile; fileRef = 8A1AA826193C70DF00BABC2B /* Credits.rtf */; };
		8A1AA82B193C70DF00BABC2B /* AppDelegate.m in Sources */ = {isa = PBXBuildFile; fileRef = 8A1AA82A193C70DF00BABC2B /* AppDelegate.m */; };
		8A1AA82E193C70DF00BABC2B /* MainMenu.xib in Resources */ = {isa = PBXBuildFile; fileRef = 8A1AA82C193C70DF00BABC2B /* MainMenu.xib */; };
		8A1AA830193C70DF00BABC2B /* Images.xcassets in Resources */ = {isa = PBXBuildFile; fileRef = 8A1AA82F193C70DF00BABC2B /* Images.xcassets */; };
		8A1AA837193C70DF00BABC2B /* XCTest.framework in Frameworks */ = {isa = PBXBuildFile; fileRef = 8A1AA836193C70DF00BABC2B /* XCTest.framework */; };
		8A1AA838193C70DF00BABC2B /* Cocoa.framework in Frameworks */ = {isa = PBXBuildFile; fileRef = 8A1AA817193C70DF00BABC2B /* Cocoa.framework */; };
		8A1AA840193C70DF00BABC2B /* InfoPlist.strings in Resources */ = {isa = PBXBuildFile; fileRef = 8A1AA83E193C70DF00BABC2B /* InfoPlist.strings */; };
		8A1AA842193C70DF00BABC2B /* SRChocoDemoOSXTests.m in Sources */ = {isa = PBXBuildFile; fileRef = 8A1AA841193C70DF00BABC2B /* SRChocoDemoOSXTests.m */; };
/* End PBXBuildFile section */

/* Begin PBXContainerItemProxy section */
		8A1AA839193C70DF00BABC2B /* PBXContainerItemProxy */ = {
			isa = PBXContainerItemProxy;
			containerPortal = 8A1AA80C193C70DF00BABC2B /* Project object */;
			proxyType = 1;
			remoteGlobalIDString = 8A1AA813193C70DF00BABC2B;
			remoteInfo = SRChocoDemoOSX;
		};
/* End PBXContainerItemProxy section */

/* Begin PBXFileReference section */
		8A1AA814193C70DF00BABC2B /* SRChocoDemoOSX.app */ = {isa = PBXFileReference; explicitFileType = wrapper.application; includeInIndex = 0; path = SRChocoDemoOSX.app; sourceTree = BUILT_PRODUCTS_DIR; };
		8A1AA817193C70DF00BABC2B /* Cocoa.framework */ = {isa = PBXFileReference; lastKnownFileType = wrapper.framework; name = Cocoa.framework; path = System/Library/Frameworks/Cocoa.framework; sourceTree = SDKROOT; };
		8A1AA81A193C70DF00BABC2B /* AppKit.framework */ = {isa = PBXFileReference; lastKnownFileType = wrapper.framework; name = AppKit.framework; path = System/Library/Frameworks/AppKit.framework; sourceTree = SDKROOT; };
		8A1AA81B193C70DF00BABC2B /* CoreData.framework */ = {isa = PBXFileReference; lastKnownFileType = wrapper.framework; name = CoreData.framework; path = System/Library/Frameworks/CoreData.framework; sourceTree = SDKROOT; };
		8A1AA81C193C70DF00BABC2B /* Foundation.framework */ = {isa = PBXFileReference; lastKnownFileType = wrapper.framework; name = Foundation.framework; path = System/Library/Frameworks/Foundation.framework; sourceTree = SDKROOT; };
		8A1AA81F193C70DF00BABC2B /* SRChocoDemoOSX-Info.plist */ = {isa = PBXFileReference; lastKnownFileType = text.plist.xml; path = "SRChocoDemoOSX-Info.plist"; sourceTree = "<group>"; };
		8A1AA821193C70DF00BABC2B /* en */ = {isa = PBXFileReference; lastKnownFileType = text.plist.strings; name = en; path = en.lproj/InfoPlist.strings; sourceTree = "<group>"; };
		8A1AA823193C70DF00BABC2B /* main.m */ = {isa = PBXFileReference; lastKnownFileType = sourcecode.c.objc; path = main.m; sourceTree = "<group>"; };
		8A1AA825193C70DF00BABC2B /* SRChocoDemoOSX-Prefix.pch */ = {isa = PBXFileReference; lastKnownFileType = sourcecode.c.h; path = "SRChocoDemoOSX-Prefix.pch"; sourceTree = "<group>"; };
		8A1AA827193C70DF00BABC2B /* en */ = {isa = PBXFileReference; lastKnownFileType = text.rtf; name = en; path = en.lproj/Credits.rtf; sourceTree = "<group>"; };
		8A1AA829193C70DF00BABC2B /* AppDelegate.h */ = {isa = PBXFileReference; lastKnownFileType = sourcecode.c.h; path = AppDelegate.h; sourceTree = "<group>"; };
		8A1AA82A193C70DF00BABC2B /* AppDelegate.m */ = {isa = PBXFileReference; lastKnownFileType = sourcecode.c.objc; path = AppDelegate.m; sourceTree = "<group>"; };
		8A1AA82D193C70DF00BABC2B /* Base */ = {isa = PBXFileReference; lastKnownFileType = file.xib; name = Base; path = Base.lproj/MainMenu.xib; sourceTree = "<group>"; };
		8A1AA82F193C70DF00BABC2B /* Images.xcassets */ = {isa = PBXFileReference; lastKnownFileType = folder.assetcatalog; path = Images.xcassets; sourceTree = "<group>"; };
		8A1AA835193C70DF00BABC2B /* SRChocoDemoOSXTests.xctest */ = {isa = PBXFileReference; explicitFileType = wrapper.cfbundle; includeInIndex = 0; path = SRChocoDemoOSXTests.xctest; sourceTree = BUILT_PRODUCTS_DIR; };
		8A1AA836193C70DF00BABC2B /* XCTest.framework */ = {isa = PBXFileReference; lastKnownFileType = wrapper.framework; name = XCTest.framework; path = Library/Frameworks/XCTest.framework; sourceTree = DEVELOPER_DIR; };
		8A1AA83D193C70DF00BABC2B /* SRChocoDemoOSXTests-Info.plist */ = {isa = PBXFileReference; lastKnownFileType = text.plist.xml; path = "SRChocoDemoOSXTests-Info.plist"; sourceTree = "<group>"; };
		8A1AA83F193C70DF00BABC2B /* en */ = {isa = PBXFileReference; lastKnownFileType = text.plist.strings; name = en; path = en.lproj/InfoPlist.strings; sourceTree = "<group>"; };
		8A1AA841193C70DF00BABC2B /* SRChocoDemoOSXTests.m */ = {isa = PBXFileReference; lastKnownFileType = sourcecode.c.objc; path = SRChocoDemoOSXTests.m; sourceTree = "<group>"; };
/* End PBXFileReference section */

/* Begin PBXFrameworksBuildPhase section */
		8A1AA811193C70DF00BABC2B /* Frameworks */ = {
			isa = PBXFrameworksBuildPhase;
			buildActionMask = 2147483647;
			files = (
				8A1AA818193C70DF00BABC2B /* Cocoa.framework in Frameworks */,
			);
			runOnlyForDeploymentPostprocessing = 0;
		};
		8A1AA832193C70DF00BABC2B /* Frameworks */ = {
			isa = PBXFrameworksBuildPhase;
			buildActionMask = 2147483647;
			files = (
				8A1AA838193C70DF00BABC2B /* Cocoa.framework in Frameworks */,
				8A1AA837193C70DF00BABC2B /* XCTest.framework in Frameworks */,
			);
			runOnlyForDeploymentPostprocessing = 0;
		};
/* End PBXFrameworksBuildPhase section */

/* Begin PBXGroup section */
		8A1AA80B193C70DF00BABC2B = {
			isa = PBXGroup;
			children = (
				8A1AA81D193C70DF00BABC2B /* SRChocoDemoOSX */,
				8A1AA83B193C70DF00BABC2B /* SRChocoDemoOSXTests */,
				8A1AA816193C70DF00BABC2B /* Frameworks */,
				8A1AA815193C70DF00BABC2B /* Products */,
			);
			sourceTree = "<group>";
		};
		8A1AA815193C70DF00BABC2B /* Products */ = {
			isa = PBXGroup;
			children = (
				8A1AA814193C70DF00BABC2B /* SRChocoDemoOSX.app */,
				8A1AA835193C70DF00BABC2B /* SRChocoDemoOSXTests.xctest */,
			);
			name = Products;
			sourceTree = "<group>";
		};
		8A1AA816193C70DF00BABC2B /* Frameworks */ = {
			isa = PBXGroup;
			children = (
				8A1AA817193C70DF00BABC2B /* Cocoa.framework */,
				8A1AA836193C70DF00BABC2B /* XCTest.framework */,
				8A1AA819193C70DF00BABC2B /* Other Frameworks */,
			);
			name = Frameworks;
			sourceTree = "<group>";
		};
		8A1AA819193C70DF00BABC2B /* Other Frameworks */ = {
			isa = PBXGroup;
			children = (
				8A1AA81A193C70DF00BABC2B /* AppKit.framework */,
				8A1AA81B193C70DF00BABC2B /* CoreData.framework */,
				8A1AA81C193C70DF00BABC2B /* Foundation.framework */,
			);
			name = "Other Frameworks";
			sourceTree = "<group>";
		};
		8A1AA81D193C70DF00BABC2B /* SRChocoDemoOSX */ = {
			isa = PBXGroup;
			children = (
				8A1AA829193C70DF00BABC2B /* AppDelegate.h */,
				8A1AA82A193C70DF00BABC2B /* AppDelegate.m */,
				8A1AA82C193C70DF00BABC2B /* MainMenu.xib */,
				8A1AA82F193C70DF00BABC2B /* Images.xcassets */,
				8A1AA81E193C70DF00BABC2B /* Supporting Files */,
			);
			path = SRChocoDemoOSX;
			sourceTree = "<group>";
		};
		8A1AA81E193C70DF00BABC2B /* Supporting Files */ = {
			isa = PBXGroup;
			children = (
				8A1AA81F193C70DF00BABC2B /* SRChocoDemoOSX-Info.plist */,
				8A1AA820193C70DF00BABC2B /* InfoPlist.strings */,
				8A1AA823193C70DF00BABC2B /* main.m */,
				8A1AA825193C70DF00BABC2B /* SRChocoDemoOSX-Prefix.pch */,
				8A1AA826193C70DF00BABC2B /* Credits.rtf */,
			);
			name = "Supporting Files";
			sourceTree = "<group>";
		};
		8A1AA83B193C70DF00BABC2B /* SRChocoDemoOSXTests */ = {
			isa = PBXGroup;
			children = (
				8A1AA841193C70DF00BABC2B /* SRChocoDemoOSXTests.m */,
				8A1AA83C193C70DF00BABC2B /* Supporting Files */,
			);
			path = SRChocoDemoOSXTests;
			sourceTree = "<group>";
		};
		8A1AA83C193C70DF00BABC2B /* Supporting Files */ = {
			isa = PBXGroup;
			children = (
				8A1AA83D193C70DF00BABC2B /* SRChocoDemoOSXTests-Info.plist */,
				8A1AA83E193C70DF00BABC2B /* InfoPlist.strings */,
			);
			name = "Supporting Files";
			sourceTree = "<group>";
		};
/* End PBXGroup section */

/* Begin PBXNativeTarget section */
		8A1AA813193C70DF00BABC2B /* SRChocoDemoOSX */ = {
			isa = PBXNativeTarget;
			buildConfigurationList = 8A1AA845193C70DF00BABC2B /* Build configuration list for PBXNativeTarget "SRChocoDemoOSX" */;
			buildPhases = (
				8A1AA810193C70DF00BABC2B /* Sources */,
				8A1AA811193C70DF00BABC2B /* Frameworks */,
				8A1AA812193C70DF00BABC2B /* Resources */,
			);
			buildRules = (
			);
			dependencies = (
			);
			name = SRChocoDemoOSX;
			productName = SRChocoDemoOSX;
			productReference = 8A1AA814193C70DF00BABC2B /* SRChocoDemoOSX.app */;
			productType = "com.apple.product-type.application";
		};
		8A1AA834193C70DF00BABC2B /* SRChocoDemoOSXTests */ = {
			isa = PBXNativeTarget;
			buildConfigurationList = 8A1AA848193C70DF00BABC2B /* Build configuration list for PBXNativeTarget "SRChocoDemoOSXTests" */;
			buildPhases = (
				8A1AA831193C70DF00BABC2B /* Sources */,
				8A1AA832193C70DF00BABC2B /* Frameworks */,
				8A1AA833193C70DF00BABC2B /* Resources */,
			);
			buildRules = (
			);
			dependencies = (
				8A1AA83A193C70DF00BABC2B /* PBXTargetDependency */,
			);
			name = SRChocoDemoOSXTests;
			productName = SRChocoDemoOSXTests;
			productReference = 8A1AA835193C70DF00BABC2B /* SRChocoDemoOSXTests.xctest */;
			productType = "com.apple.product-type.bundle.unit-test";
		};
/* End PBXNativeTarget section */

/* Begin PBXProject section */
		8A1AA80C193C70DF00BABC2B /* Project object */ = {
			isa = PBXProject;
			attributes = {
				LastUpgradeCheck = 0510;
				ORGANIZATIONNAME = Seorenn;
				TargetAttributes = {
					8A1AA834193C70DF00BABC2B = {
						TestTargetID = 8A1AA813193C70DF00BABC2B;
					};
				};
			};
			buildConfigurationList = 8A1AA80F193C70DF00BABC2B /* Build configuration list for PBXProject "SRChocoDemoOSX" */;
			compatibilityVersion = "Xcode 3.2";
			developmentRegion = English;
			hasScannedForEncodings = 0;
			knownRegions = (
				en,
				Base,
			);
			mainGroup = 8A1AA80B193C70DF00BABC2B;
			productRefGroup = 8A1AA815193C70DF00BABC2B /* Products */;
			projectDirPath = "";
			projectRoot = "";
			targets = (
				8A1AA813193C70DF00BABC2B /* SRChocoDemoOSX */,
				8A1AA834193C70DF00BABC2B /* SRChocoDemoOSXTests */,
			);
		};
/* End PBXProject section */

/* Begin PBXResourcesBuildPhase section */
		8A1AA812193C70DF00BABC2B /* Resources */ = {
			isa = PBXResourcesBuildPhase;
			buildActionMask = 2147483647;
			files = (
				8A1AA822193C70DF00BABC2B /* InfoPlist.strings in Resources */,
				8A1AA830193C70DF00BABC2B /* Images.xcassets in Resources */,
				8A1AA828193C70DF00BABC2B /* Credits.rtf in Resources */,
				8A1AA82E193C70DF00BABC2B /* MainMenu.xib in Resources */,
			);
			runOnlyForDeploymentPostprocessing = 0;
		};
		8A1AA833193C70DF00BABC2B /* Resources */ = {
			isa = PBXResourcesBuildPhase;
			buildActionMask = 2147483647;
			files = (
				8A1AA840193C70DF00BABC2B /* InfoPlist.strings in Resources */,
			);
			runOnlyForDeploymentPostprocessing = 0;
		};
/* End PBXResourcesBuildPhase section */

/* Begin PBXSourcesBuildPhase section */
		8A1AA810193C70DF00BABC2B /* Sources */ = {
			isa = PBXSourcesBuildPhase;
			buildActionMask = 2147483647;
			files = (
				8A1AA82B193C70DF00BABC2B /* AppDelegate.m in Sources */,
				8A1AA824193C70DF00BABC2B /* main.m in Sources */,
			);
			runOnlyForDeploymentPostprocessing = 0;
		};
		8A1AA831193C70DF00BABC2B /* Sources */ = {
			isa = PBXSourcesBuildPhase;
			buildActionMask = 2147483647;
			files = (
				8A1AA842193C70DF00BABC2B /* SRChocoDemoOSXTests.m in Sources */,
			);
			runOnlyForDeploymentPostprocessing = 0;
		};
/* End PBXSourcesBuildPhase section */

/* Begin PBXTargetDependency section */
		8A1AA83A193C70DF00BABC2B /* PBXTargetDependency */ = {
			isa = PBXTargetDependency;
			target = 8A1AA813193C70DF00BABC2B /* SRChocoDemoOSX */;
			targetProxy = 8A1AA839193C70DF00BABC2B /* PBXContainerItemProxy */;
		};
/* End PBXTargetDependency section */

/* Begin PBXVariantGroup section */
		8A1AA820193C70DF00BABC2B /* InfoPlist.strings */ = {
			isa = PBXVariantGroup;
			children = (
				8A1AA821193C70DF00BABC2B /* en */,
			);
			name = InfoPlist.strings;
			sourceTree = "<group>";
		};
		8A1AA826193C70DF00BABC2B /* Credits.rtf */ = {
			isa = PBXVariantGroup;
			children = (
				8A1AA827193C70DF00BABC2B /* en */,
			);
			name = Credits.rtf;
			sourceTree = "<group>";
		};
		8A1AA82C193C70DF00BABC2B /* MainMenu.xib */ = {
			isa = PBXVariantGroup;
			children = (
				8A1AA82D193C70DF00BABC2B /* Base */,
			);
			name = MainMenu.xib;
			sourceTree = "<group>";
		};
		8A1AA83E193C70DF00BABC2B /* InfoPlist.strings */ = {
			isa = PBXVariantGroup;
			children = (
				8A1AA83F193C70DF00BABC2B /* en */,
			);
			name = InfoPlist.strings;
			sourceTree = "<group>";
		};
/* End PBXVariantGroup section */

/* Begin XCBuildConfiguration section */
		8A1AA843193C70DF00BABC2B /* Debug */ = {
			isa = XCBuildConfiguration;
			buildSettings = {
				ALWAYS_SEARCH_USER_PATHS = NO;
				CLANG_CXX_LANGUAGE_STANDARD = "gnu++0x";
				CLANG_CXX_LIBRARY = "libc++";
				CLANG_ENABLE_MODULES = YES;
				CLANG_ENABLE_OBJC_ARC = YES;
				CLANG_WARN_BOOL_CONVERSION = YES;
				CLANG_WARN_CONSTANT_CONVERSION = YES;
				CLANG_WARN_DIRECT_OBJC_ISA_USAGE = YES_ERROR;
				CLANG_WARN_EMPTY_BODY = YES;
				CLANG_WARN_ENUM_CONVERSION = YES;
				CLANG_WARN_INT_CONVERSION = YES;
				CLANG_WARN_OBJC_ROOT_CLASS = YES_ERROR;
				CLANG_WARN__DUPLICATE_METHOD_MATCH = YES;
				COPY_PHASE_STRIP = NO;
				GCC_C_LANGUAGE_STANDARD = gnu99;
				GCC_DYNAMIC_NO_PIC = NO;
				GCC_ENABLE_OBJC_EXCEPTIONS = YES;
				GCC_OPTIMIZATION_LEVEL = 0;
				GCC_PREPROCESSOR_DEFINITIONS = (
					"DEBUG=1",
					"$(inherited)",
				);
				GCC_SYMBOLS_PRIVATE_EXTERN = NO;
				GCC_WARN_64_TO_32_BIT_CONVERSION = YES;
				GCC_WARN_ABOUT_RETURN_TYPE = YES_ERROR;
				GCC_WARN_UNDECLARED_SELECTOR = YES;
				GCC_WARN_UNINITIALIZED_AUTOS = YES_AGGRESSIVE;
				GCC_WARN_UNUSED_FUNCTION = YES;
				GCC_WARN_UNUSED_VARIABLE = YES;
				MACOSX_DEPLOYMENT_TARGET = 10.9;
				ONLY_ACTIVE_ARCH = YES;
				SDKROOT = macosx;
			};
			name = Debug;
		};
		8A1AA844193C70DF00BABC2B /* Release */ = {
			isa = XCBuildConfiguration;
			buildSettings = {
				ALWAYS_SEARCH_USER_PATHS = NO;
				CLANG_CXX_LANGUAGE_STANDARD = "gnu++0x";
				CLANG_CXX_LIBRARY = "libc++";
				CLANG_ENABLE_MODULES = YES;
				CLANG_ENABLE_OBJC_ARC = YES;
				CLANG_WARN_BOOL_CONVERSION = YES;
				CLANG_WARN_CONSTANT_CONVERSION = YES;
				CLANG_WARN_DIRECT_OBJC_ISA_USAGE = YES_ERROR;
				CLANG_WARN_EMPTY_BODY = YES;
				CLANG_WARN_ENUM_CONVERSION = YES;
				CLANG_WARN_INT_CONVERSION = YES;
				CLANG_WARN_OBJC_ROOT_CLASS = YES_ERROR;
				CLANG_WARN__DUPLICATE_METHOD_MATCH = YES;
				COPY_PHASE_STRIP = YES;
				DEBUG_INFORMATION_FORMAT = "dwarf-with-dsym";
				ENABLE_NS_ASSERTIONS = NO;
				GCC_C_LANGUAGE_STANDARD = gnu99;
				GCC_ENABLE_OBJC_EXCEPTIONS = YES;
				GCC_WARN_64_TO_32_BIT_CONVERSION = YES;
				GCC_WARN_ABOUT_RETURN_TYPE = YES_ERROR;
				GCC_WARN_UNDECLARED_SELECTOR = YES;
				GCC_WARN_UNINITIALIZED_AUTOS = YES_AGGRESSIVE;
				GCC_WARN_UNUSED_FUNCTION = YES;
				GCC_WARN_UNUSED_VARIABLE = YES;
				MACOSX_DEPLOYMENT_TARGET = 10.9;
				SDKROOT = macosx;
			};
			name = Release;
		};
		8A1AA846193C70DF00BABC2B /* Debug */ = {
			isa = XCBuildConfiguration;
			buildSettings = {
				ASSETCATALOG_COMPILER_APPICON_NAME = AppIcon;
				COMBINE_HIDPI_IMAGES = YES;
				GCC_PRECOMPILE_PREFIX_HEADER = YES;
				GCC_PREFIX_HEADER = "SRChocoDemoOSX/SRChocoDemoOSX-Prefix.pch";
				INFOPLIST_FILE = "SRChocoDemoOSX/SRChocoDemoOSX-Info.plist";
				PRODUCT_NAME = "$(TARGET_NAME)";
				WRAPPER_EXTENSION = app;
			};
			name = Debug;
		};
		8A1AA847193C70DF00BABC2B /* Release */ = {
			isa = XCBuildConfiguration;
			buildSettings = {
				ASSETCATALOG_COMPILER_APPICON_NAME = AppIcon;
				COMBINE_HIDPI_IMAGES = YES;
				GCC_PRECOMPILE_PREFIX_HEADER = YES;
				GCC_PREFIX_HEADER = "SRChocoDemoOSX/SRChocoDemoOSX-Prefix.pch";
				INFOPLIST_FILE = "SRChocoDemoOSX/SRChocoDemoOSX-Info.plist";
				PRODUCT_NAME = "$(TARGET_NAME)";
				WRAPPER_EXTENSION = app;
			};
			name = Release;
		};
		8A1AA849193C70DF00BABC2B /* Debug */ = {
			isa = XCBuildConfiguration;
			buildSettings = {
				BUNDLE_LOADER = "$(BUILT_PRODUCTS_DIR)/SRChocoDemoOSX.app/Contents/MacOS/SRChocoDemoOSX";
				COMBINE_HIDPI_IMAGES = YES;
				FRAMEWORK_SEARCH_PATHS = (
					"$(DEVELOPER_FRAMEWORKS_DIR)",
					"$(inherited)",
				);
				GCC_PRECOMPILE_PREFIX_HEADER = YES;
				GCC_PREFIX_HEADER = "SRChocoDemoOSX/SRChocoDemoOSX-Prefix.pch";
				GCC_PREPROCESSOR_DEFINITIONS = (
					"DEBUG=1",
					"$(inherited)",
				);
				INFOPLIST_FILE = "SRChocoDemoOSXTests/SRChocoDemoOSXTests-Info.plist";
				PRODUCT_NAME = "$(TARGET_NAME)";
				TEST_HOST = "$(BUNDLE_LOADER)";
				WRAPPER_EXTENSION = xctest;
			};
			name = Debug;
		};
		8A1AA84A193C70DF00BABC2B /* Release */ = {
			isa = XCBuildConfiguration;
			buildSettings = {
				BUNDLE_LOADER = "$(BUILT_PRODUCTS_DIR)/SRChocoDemoOSX.app/Contents/MacOS/SRChocoDemoOSX";
				COMBINE_HIDPI_IMAGES = YES;
				FRAMEWORK_SEARCH_PATHS = (
					"$(DEVELOPER_FRAMEWORKS_DIR)",
					"$(inherited)",
				);
				GCC_PRECOMPILE_PREFIX_HEADER = YES;
				GCC_PREFIX_HEADER = "SRChocoDemoOSX/SRChocoDemoOSX-Prefix.pch";
				INFOPLIST_FILE = "SRChocoDemoOSXTests/SRChocoDemoOSXTests-Info.plist";
				PRODUCT_NAME = "$(TARGET_NAME)";
				TEST_HOST = "$(BUNDLE_LOADER)";
				WRAPPER_EXTENSION = xctest;
			};
			name = Release;
		};
/* End XCBuildConfiguration section */

/* Begin XCConfigurationList section */
		8A1AA80F193C70DF00BABC2B /* Build configuration list for PBXProject "SRChocoDemoOSX" */ = {
			isa = XCConfigurationList;
			buildConfigurations = (
				8A1AA843193C70DF00BABC2B /* Debug */,
				8A1AA844193C70DF00BABC2B /* Release */,
			);
			defaultConfigurationIsVisible = 0;
			defaultConfigurationName = Release;
		};
		8A1AA845193C70DF00BABC2B /* Build configuration list for PBXNativeTarget "SRChocoDemoOSX" */ = {
			isa = XCConfigurationList;
			buildConfigurations = (
				8A1AA846193C70DF00BABC2B /* Debug */,
				8A1AA847193C70DF00BABC2B /* Release */,
			);
			defaultConfigurationIsVisible = 0;
		};
		8A1AA848193C70DF00BABC2B /* Build configuration list for PBXNativeTarget "SRChocoDemoOSXTests" */ = {
			isa = XCConfigurationList;
			buildConfigurations = (
				8A1AA849193C70DF00BABC2B /* Debug */,
				8A1AA84A193C70DF00BABC2B /* Release */,
			);
			defaultConfigurationIsVisible = 0;
		};
/* End XCConfigurationList section */
	};
	rootObject = 8A1AA80C193C70DF00BABC2B /* Project object */;
}
