// !$*UTF8*$!
{
	archiveVersion = 1;
	classes = {
	};
	objectVersion = 46;
	objects = {

/* Begin PBXBuildFile section */
		8A0AAFEA19E505A600B7A93D /* SRUUID.swift in Sources */ = {isa = PBXBuildFile; fileRef = 8A0AAFE919E505A600B7A93D /* SRUUID.swift */; };
		8A0AAFEB19E505A600B7A93D /* SRUUID.swift in Sources */ = {isa = PBXBuildFile; fileRef = 8A0AAFE919E505A600B7A93D /* SRUUID.swift */; };
		8A0AAFF419E5085E00B7A93D /* TestUUID.swift in Sources */ = {isa = PBXBuildFile; fileRef = 8A0AAFF319E5085E00B7A93D /* TestUUID.swift */; };
		8A13348C1A0A344D00F44FB9 /* SRHotkeyManager.swift in Sources */ = {isa = PBXBuildFile; fileRef = 8A13348B1A0A344D00F44FB9 /* SRHotkeyManager.swift */; };
		8A13348D1A0A344D00F44FB9 /* SRHotkeyManager.swift in Sources */ = {isa = PBXBuildFile; fileRef = 8A13348B1A0A344D00F44FB9 /* SRHotkeyManager.swift */; };
		8A26B79F1985F062004F3168 /* SRRegexp.swift in Sources */ = {isa = PBXBuildFile; fileRef = 8A26B79E1985F062004F3168 /* SRRegexp.swift */; };
		8A2D06A319A47975001D42AB /* SRInputSourceManager.swift in Sources */ = {isa = PBXBuildFile; fileRef = 8AADB7F01971679700200861 /* SRInputSourceManager.swift */; };
		8A2D06A419A47979001D42AB /* SRDispatch.swift in Sources */ = {isa = PBXBuildFile; fileRef = 8A7AC8D319766575006028F4 /* SRDispatch.swift */; };
		8A2D06A519A4797C001D42AB /* SRRegexp.swift in Sources */ = {isa = PBXBuildFile; fileRef = 8A26B79E1985F062004F3168 /* SRRegexp.swift */; };
		8A2D06A719A4798E001D42AB /* SRWindowManager.swift in Sources */ = {isa = PBXBuildFile; fileRef = 8A8FEE161961435800C73F8C /* SRWindowManager.swift */; };
		8A2D06A819A47991001D42AB /* SRDirectory.swift in Sources */ = {isa = PBXBuildFile; fileRef = 8AC2B6E9195ECA1500459F3D /* SRDirectory.swift */; };
		8A2D06A919A47995001D42AB /* SRFile.swift in Sources */ = {isa = PBXBuildFile; fileRef = 8AC2B6EA195ECA1500459F3D /* SRFile.swift */; };
		8A2D06AA19A47998001D42AB /* ViewExtensions.swift in Sources */ = {isa = PBXBuildFile; fileRef = 8AD8912019A1B99600BD48AC /* ViewExtensions.swift */; };
		8A2D06AB19A479A0001D42AB /* Log.swift in Sources */ = {isa = PBXBuildFile; fileRef = 8AF47823195AC92E00960AE4 /* Log.swift */; };
		8A4DE92919515A3D00F65AEB /* NSDateExtensions.swift in Sources */ = {isa = PBXBuildFile; fileRef = 8A4DE92819515A3D00F65AEB /* NSDateExtensions.swift */; };
		8A682E4B1992289200432E13 /* TestNSDateExtensions.swift in Sources */ = {isa = PBXBuildFile; fileRef = 8A682E4A1992289200432E13 /* TestNSDateExtensions.swift */; };
		8A682E4F1993764800432E13 /* TestSRRegexp.swift in Sources */ = {isa = PBXBuildFile; fileRef = 8A682E4E1993764800432E13 /* TestSRRegexp.swift */; };
		8A7AC8D419766575006028F4 /* SRDispatch.swift in Sources */ = {isa = PBXBuildFile; fileRef = 8A7AC8D319766575006028F4 /* SRDispatch.swift */; };
		8A8FEE171961435800C73F8C /* SRWindowManager.swift in Sources */ = {isa = PBXBuildFile; fileRef = 8A8FEE161961435800C73F8C /* SRWindowManager.swift */; };
		8A914C8B1971152F002CE4A5 /* DemoSRFileManager.swift in Sources */ = {isa = PBXBuildFile; fileRef = 8A914C8A1971152F002CE4A5 /* DemoSRFileManager.swift */; };
		8AAC8CE3194ED4CF007BDE4D /* main.swift in Sources */ = {isa = PBXBuildFile; fileRef = 8AAC8CE2194ED4CF007BDE4D /* main.swift */; };
		8AAC8CE5194ED4CF007BDE4D /* AppDelegate.swift in Sources */ = {isa = PBXBuildFile; fileRef = 8AAC8CE4194ED4CF007BDE4D /* AppDelegate.swift */; };
		8AAC8CE7194ED4CF007BDE4D /* Images.xcassets in Resources */ = {isa = PBXBuildFile; fileRef = 8AAC8CE6194ED4CF007BDE4D /* Images.xcassets */; };
		8AAC8CEA194ED4CF007BDE4D /* MainMenu.xib in Resources */ = {isa = PBXBuildFile; fileRef = 8AAC8CE8194ED4CF007BDE4D /* MainMenu.xib */; };
		8AAC8CF6194ED4CF007BDE4D /* SRChocoDemo_OSXTests.swift in Sources */ = {isa = PBXBuildFile; fileRef = 8AAC8CF5194ED4CF007BDE4D /* SRChocoDemo_OSXTests.swift */; };
		8AAD786A19F74E7C00B4551F /* TestSRFileManager.swift in Sources */ = {isa = PBXBuildFile; fileRef = 8AAD786919F74E7C00B4551F /* TestSRFileManager.swift */; };
		8AADB7F11971679700200861 /* SRInputSourceManager.swift in Sources */ = {isa = PBXBuildFile; fileRef = 8AADB7F01971679700200861 /* SRInputSourceManager.swift */; };
		8AB156B719C6DFD800A2A568 /* SRStatusItemPopupController.swift in Sources */ = {isa = PBXBuildFile; fileRef = 8AB156B619C6DFD800A2A568 /* SRStatusItemPopupController.swift */; };
		8AB156B819C6DFD800A2A568 /* SRStatusItemPopupController.swift in Sources */ = {isa = PBXBuildFile; fileRef = 8AB156B619C6DFD800A2A568 /* SRStatusItemPopupController.swift */; };
		8AB156BB19C6ECDC00A2A568 /* StatusPopupViewController.swift in Sources */ = {isa = PBXBuildFile; fileRef = 8AB156B919C6ECDC00A2A568 /* StatusPopupViewController.swift */; };
		8AB156BC19C6ECDC00A2A568 /* StatusPopupViewController.swift in Sources */ = {isa = PBXBuildFile; fileRef = 8AB156B919C6ECDC00A2A568 /* StatusPopupViewController.swift */; };
		8AB156BD19C6ECDC00A2A568 /* StatusPopupViewController.xib in Resources */ = {isa = PBXBuildFile; fileRef = 8AB156BA19C6ECDC00A2A568 /* StatusPopupViewController.xib */; };
		8AB156BE19C6ECDC00A2A568 /* StatusPopupViewController.xib in Resources */ = {isa = PBXBuildFile; fileRef = 8AB156BA19C6ECDC00A2A568 /* StatusPopupViewController.xib */; };
		8ABA3A0C19C93076009B75A5 /* InputSourceController.swift in Sources */ = {isa = PBXBuildFile; fileRef = 8ABA3A0B19C93076009B75A5 /* InputSourceController.swift */; };
		8ABA3A0E19C94015009B75A5 /* WindowLogController.swift in Sources */ = {isa = PBXBuildFile; fileRef = 8ABA3A0D19C94015009B75A5 /* WindowLogController.swift */; };
		8ABA3A1019C9812B009B75A5 /* ArrayExtensions.swift in Sources */ = {isa = PBXBuildFile; fileRef = 8ABA3A0F19C9812B009B75A5 /* ArrayExtensions.swift */; };
		8ABA3A1119CACE62009B75A5 /* ArrayExtensions.swift in Sources */ = {isa = PBXBuildFile; fileRef = 8ABA3A0F19C9812B009B75A5 /* ArrayExtensions.swift */; };
		8ABA3A1319CACEC0009B75A5 /* TestArrayExtensions.swift in Sources */ = {isa = PBXBuildFile; fileRef = 8ABA3A1219CACEC0009B75A5 /* TestArrayExtensions.swift */; };
		8AC2B6EB195ECA1500459F3D /* SRDirectory.swift in Sources */ = {isa = PBXBuildFile; fileRef = 8AC2B6E9195ECA1500459F3D /* SRDirectory.swift */; };
		8AC2B6EC195ECA1500459F3D /* SRFile.swift in Sources */ = {isa = PBXBuildFile; fileRef = 8AC2B6EA195ECA1500459F3D /* SRFile.swift */; };
		8AC4DFE81997AEFC0062B51A /* StringExtensions.swift in Sources */ = {isa = PBXBuildFile; fileRef = 8AC4DFE71997AEFC0062B51A /* StringExtensions.swift */; };
		8AC4DFEA1997AF650062B51A /* TestStringExtensions.swift in Sources */ = {isa = PBXBuildFile; fileRef = 8AC4DFE91997AF650062B51A /* TestStringExtensions.swift */; };
		8ACA188E19B076CF006B5048 /* NSDateExtensions.swift in Sources */ = {isa = PBXBuildFile; fileRef = 8A4DE92819515A3D00F65AEB /* NSDateExtensions.swift */; };
		8AD8912119A1B99600BD48AC /* ViewExtensions.swift in Sources */ = {isa = PBXBuildFile; fileRef = 8AD8912019A1B99600BD48AC /* ViewExtensions.swift */; };
		8ADF2C8D199B72F9001A1D8F /* StringExtensions.swift in Sources */ = {isa = PBXBuildFile; fileRef = 8AC4DFE71997AEFC0062B51A /* StringExtensions.swift */; };
		8AE2EF3019D8F8720037C005 /* SRExternalApp.swift in Sources */ = {isa = PBXBuildFile; fileRef = 8AE2EF2F19D8F8720037C005 /* SRExternalApp.swift */; };
		8AE2EF3119D8F8720037C005 /* SRExternalApp.swift in Sources */ = {isa = PBXBuildFile; fileRef = 8AE2EF2F19D8F8720037C005 /* SRExternalApp.swift */; };
		8AF47824195AC92E00960AE4 /* Log.swift in Sources */ = {isa = PBXBuildFile; fileRef = 8AF47823195AC92E00960AE4 /* Log.swift */; };
/* End PBXBuildFile section */

/* Begin PBXContainerItemProxy section */
		8AAC8CF0194ED4CF007BDE4D /* PBXContainerItemProxy */ = {
			isa = PBXContainerItemProxy;
			containerPortal = 8AAC8CD5194ED4CF007BDE4D /* Project object */;
			proxyType = 1;
			remoteGlobalIDString = 8AAC8CDC194ED4CF007BDE4D;
			remoteInfo = "SRChocoDemo-OSX";
		};
/* End PBXContainerItemProxy section */

/* Begin PBXFileReference section */
		8A0AAFE919E505A600B7A93D /* SRUUID.swift */ = {isa = PBXFileReference; fileEncoding = 4; lastKnownFileType = sourcecode.swift; path = SRUUID.swift; sourceTree = "<group>"; };
		8A0AAFF319E5085E00B7A93D /* TestUUID.swift */ = {isa = PBXFileReference; fileEncoding = 4; lastKnownFileType = sourcecode.swift; path = TestUUID.swift; sourceTree = "<group>"; };
		8A13348B1A0A344D00F44FB9 /* SRHotkeyManager.swift */ = {isa = PBXFileReference; fileEncoding = 4; lastKnownFileType = sourcecode.swift; path = SRHotkeyManager.swift; sourceTree = "<group>"; };
		8A26B79E1985F062004F3168 /* SRRegexp.swift */ = {isa = PBXFileReference; fileEncoding = 4; lastKnownFileType = sourcecode.swift; path = SRRegexp.swift; sourceTree = "<group>"; };
		8A4DE92819515A3D00F65AEB /* NSDateExtensions.swift */ = {isa = PBXFileReference; fileEncoding = 4; lastKnownFileType = sourcecode.swift; path = NSDateExtensions.swift; sourceTree = "<group>"; };
		8A682E4A1992289200432E13 /* TestNSDateExtensions.swift */ = {isa = PBXFileReference; fileEncoding = 4; lastKnownFileType = sourcecode.swift; path = TestNSDateExtensions.swift; sourceTree = "<group>"; };
		8A682E4E1993764800432E13 /* TestSRRegexp.swift */ = {isa = PBXFileReference; fileEncoding = 4; lastKnownFileType = sourcecode.swift; path = TestSRRegexp.swift; sourceTree = "<group>"; };
		8A7AC8D319766575006028F4 /* SRDispatch.swift */ = {isa = PBXFileReference; fileEncoding = 4; lastKnownFileType = sourcecode.swift; path = SRDispatch.swift; sourceTree = "<group>"; };
		8A8FEE161961435800C73F8C /* SRWindowManager.swift */ = {isa = PBXFileReference; fileEncoding = 4; lastKnownFileType = sourcecode.swift; path = SRWindowManager.swift; sourceTree = "<group>"; };
		8A914C8A1971152F002CE4A5 /* DemoSRFileManager.swift */ = {isa = PBXFileReference; fileEncoding = 4; lastKnownFileType = sourcecode.swift; path = DemoSRFileManager.swift; sourceTree = "<group>"; };
		8AAC8CDD194ED4CF007BDE4D /* SRChocoDemo-OSX.app */ = {isa = PBXFileReference; explicitFileType = wrapper.application; includeInIndex = 0; path = "SRChocoDemo-OSX.app"; sourceTree = BUILT_PRODUCTS_DIR; };
		8AAC8CE1194ED4CF007BDE4D /* Info.plist */ = {isa = PBXFileReference; lastKnownFileType = text.plist.xml; path = Info.plist; sourceTree = "<group>"; };
		8AAC8CE2194ED4CF007BDE4D /* main.swift */ = {isa = PBXFileReference; lastKnownFileType = sourcecode.swift; path = main.swift; sourceTree = "<group>"; };
		8AAC8CE4194ED4CF007BDE4D /* AppDelegate.swift */ = {isa = PBXFileReference; lastKnownFileType = sourcecode.swift; path = AppDelegate.swift; sourceTree = "<group>"; };
		8AAC8CE6194ED4CF007BDE4D /* Images.xcassets */ = {isa = PBXFileReference; lastKnownFileType = folder.assetcatalog; path = Images.xcassets; sourceTree = "<group>"; };
		8AAC8CE9194ED4CF007BDE4D /* Base */ = {isa = PBXFileReference; lastKnownFileType = file.xib; name = Base; path = Base.lproj/MainMenu.xib; sourceTree = "<group>"; };
		8AAC8CEF194ED4CF007BDE4D /* SRChocoDemo-OSXTests.xctest */ = {isa = PBXFileReference; explicitFileType = wrapper.cfbundle; includeInIndex = 0; path = "SRChocoDemo-OSXTests.xctest"; sourceTree = BUILT_PRODUCTS_DIR; };
		8AAC8CF4194ED4CF007BDE4D /* Info.plist */ = {isa = PBXFileReference; lastKnownFileType = text.plist.xml; path = Info.plist; sourceTree = "<group>"; };
		8AAC8CF5194ED4CF007BDE4D /* SRChocoDemo_OSXTests.swift */ = {isa = PBXFileReference; lastKnownFileType = sourcecode.swift; path = SRChocoDemo_OSXTests.swift; sourceTree = "<group>"; };
		8AAC8D29194ED902007BDE4D /* MyPlayground.playground */ = {isa = PBXFileReference; lastKnownFileType = file.playground; path = MyPlayground.playground; sourceTree = "<group>"; };
		8AAD786919F74E7C00B4551F /* TestSRFileManager.swift */ = {isa = PBXFileReference; fileEncoding = 4; lastKnownFileType = sourcecode.swift; path = TestSRFileManager.swift; sourceTree = "<group>"; };
		8AADB7F01971679700200861 /* SRInputSourceManager.swift */ = {isa = PBXFileReference; fileEncoding = 4; lastKnownFileType = sourcecode.swift; path = SRInputSourceManager.swift; sourceTree = "<group>"; };
		8AB156B619C6DFD800A2A568 /* SRStatusItemPopupController.swift */ = {isa = PBXFileReference; fileEncoding = 4; lastKnownFileType = sourcecode.swift; path = SRStatusItemPopupController.swift; sourceTree = "<group>"; };
		8AB156B919C6ECDC00A2A568 /* StatusPopupViewController.swift */ = {isa = PBXFileReference; fileEncoding = 4; lastKnownFileType = sourcecode.swift; path = StatusPopupViewController.swift; sourceTree = "<group>"; };
		8AB156BA19C6ECDC00A2A568 /* StatusPopupViewController.xib */ = {isa = PBXFileReference; fileEncoding = 4; lastKnownFileType = file.xib; path = StatusPopupViewController.xib; sourceTree = "<group>"; };
		8ABA3A0B19C93076009B75A5 /* InputSourceController.swift */ = {isa = PBXFileReference; fileEncoding = 4; lastKnownFileType = sourcecode.swift; path = InputSourceController.swift; sourceTree = "<group>"; };
		8ABA3A0D19C94015009B75A5 /* WindowLogController.swift */ = {isa = PBXFileReference; fileEncoding = 4; lastKnownFileType = sourcecode.swift; path = WindowLogController.swift; sourceTree = "<group>"; };
		8ABA3A0F19C9812B009B75A5 /* ArrayExtensions.swift */ = {isa = PBXFileReference; fileEncoding = 4; lastKnownFileType = sourcecode.swift; path = ArrayExtensions.swift; sourceTree = "<group>"; };
		8ABA3A1219CACEC0009B75A5 /* TestArrayExtensions.swift */ = {isa = PBXFileReference; fileEncoding = 4; lastKnownFileType = sourcecode.swift; path = TestArrayExtensions.swift; sourceTree = "<group>"; };
		8AC2B6E9195ECA1500459F3D /* SRDirectory.swift */ = {isa = PBXFileReference; fileEncoding = 4; lastKnownFileType = sourcecode.swift; path = SRDirectory.swift; sourceTree = "<group>"; };
		8AC2B6EA195ECA1500459F3D /* SRFile.swift */ = {isa = PBXFileReference; fileEncoding = 4; lastKnownFileType = sourcecode.swift; path = SRFile.swift; sourceTree = "<group>"; };
		8AC4DFE71997AEFC0062B51A /* StringExtensions.swift */ = {isa = PBXFileReference; fileEncoding = 4; lastKnownFileType = sourcecode.swift; path = StringExtensions.swift; sourceTree = "<group>"; };
		8AC4DFE91997AF650062B51A /* TestStringExtensions.swift */ = {isa = PBXFileReference; fileEncoding = 4; lastKnownFileType = sourcecode.swift; path = TestStringExtensions.swift; sourceTree = "<group>"; };
		8ACF2772197E5FC600B48971 /* SRChocoDemo-OSX-Bridging-Header.h */ = {isa = PBXFileReference; fileEncoding = 4; lastKnownFileType = sourcecode.c.h; path = "SRChocoDemo-OSX-Bridging-Header.h"; sourceTree = "<group>"; };
		8AD8912019A1B99600BD48AC /* ViewExtensions.swift */ = {isa = PBXFileReference; fileEncoding = 4; lastKnownFileType = sourcecode.swift; path = ViewExtensions.swift; sourceTree = "<group>"; };
		8AE2EF2F19D8F8720037C005 /* SRExternalApp.swift */ = {isa = PBXFileReference; fileEncoding = 4; lastKnownFileType = sourcecode.swift; path = SRExternalApp.swift; sourceTree = "<group>"; };
		8AF47823195AC92E00960AE4 /* Log.swift */ = {isa = PBXFileReference; fileEncoding = 4; lastKnownFileType = sourcecode.swift; path = Log.swift; sourceTree = "<group>"; };
/* End PBXFileReference section */

/* Begin PBXFrameworksBuildPhase section */
		8AAC8CDA194ED4CF007BDE4D /* Frameworks */ = {
			isa = PBXFrameworksBuildPhase;
			buildActionMask = 2147483647;
			files = (
			);
			runOnlyForDeploymentPostprocessing = 0;
		};
		8AAC8CEC194ED4CF007BDE4D /* Frameworks */ = {
			isa = PBXFrameworksBuildPhase;
			buildActionMask = 2147483647;
			files = (
			);
			runOnlyForDeploymentPostprocessing = 0;
		};
/* End PBXFrameworksBuildPhase section */

/* Begin PBXGroup section */
		8A0AAFE819E505A600B7A93D /* SRUUID */ = {
			isa = PBXGroup;
			children = (
				8A0AAFE919E505A600B7A93D /* SRUUID.swift */,
			);
			path = SRUUID;
			sourceTree = "<group>";
		};
		8A13348A1A0A344D00F44FB9 /* SRHotkeyManager */ = {
			isa = PBXGroup;
			children = (
				8A13348B1A0A344D00F44FB9 /* SRHotkeyManager.swift */,
			);
			path = SRHotkeyManager;
			sourceTree = "<group>";
		};
		8A23A2DE19515C2F008CB833 /* Demo */ = {
			isa = PBXGroup;
			children = (
				8ABA3A0B19C93076009B75A5 /* InputSourceController.swift */,
				8ABA3A0D19C94015009B75A5 /* WindowLogController.swift */,
				8A914C8A1971152F002CE4A5 /* DemoSRFileManager.swift */,
				8AB156B919C6ECDC00A2A568 /* StatusPopupViewController.swift */,
				8AB156BA19C6ECDC00A2A568 /* StatusPopupViewController.xib */,
			);
			name = Demo;
			sourceTree = "<group>";
		};
		8A26B79D1985F062004F3168 /* SRRegexp */ = {
			isa = PBXGroup;
			children = (
				8A26B79E1985F062004F3168 /* SRRegexp.swift */,
			);
			path = SRRegexp;
			sourceTree = "<group>";
		};
		8A4DE92719515A3D00F65AEB /* Utilities */ = {
			isa = PBXGroup;
			children = (
				8ABA3A0F19C9812B009B75A5 /* ArrayExtensions.swift */,
				8AD8912019A1B99600BD48AC /* ViewExtensions.swift */,
				8AC4DFE71997AEFC0062B51A /* StringExtensions.swift */,
				8AF47823195AC92E00960AE4 /* Log.swift */,
				8A4DE92819515A3D00F65AEB /* NSDateExtensions.swift */,
			);
			path = Utilities;
			sourceTree = "<group>";
		};
		8A7AC8D219766575006028F4 /* SRGCD */ = {
			isa = PBXGroup;
			children = (
				8A7AC8D319766575006028F4 /* SRDispatch.swift */,
			);
			path = SRGCD;
			sourceTree = "<group>";
		};
		8A8FEE151961435800C73F8C /* SRWindowManager */ = {
			isa = PBXGroup;
			children = (
				8A8FEE161961435800C73F8C /* SRWindowManager.swift */,
			);
			path = SRWindowManager;
			sourceTree = "<group>";
		};
		8AAC8CD4194ED4CF007BDE4D = {
			isa = PBXGroup;
			children = (
				8AAC8CDF194ED4CF007BDE4D /* SRChocoDemo-OSX */,
				8AAC8CF2194ED4CF007BDE4D /* SRChocoDemo-OSXTests */,
				8AAC8CDE194ED4CF007BDE4D /* Products */,
			);
			sourceTree = "<group>";
		};
		8AAC8CDE194ED4CF007BDE4D /* Products */ = {
			isa = PBXGroup;
			children = (
				8AAC8CDD194ED4CF007BDE4D /* SRChocoDemo-OSX.app */,
				8AAC8CEF194ED4CF007BDE4D /* SRChocoDemo-OSXTests.xctest */,
			);
			name = Products;
			sourceTree = "<group>";
		};
		8AAC8CDF194ED4CF007BDE4D /* SRChocoDemo-OSX */ = {
			isa = PBXGroup;
			children = (
				8ACF2772197E5FC600B48971 /* SRChocoDemo-OSX-Bridging-Header.h */,
				8A23A2DE19515C2F008CB833 /* Demo */,
				8AAC8D25194ED55D007BDE4D /* SRChoco */,
				8AAC8CE4194ED4CF007BDE4D /* AppDelegate.swift */,
				8AAC8CE6194ED4CF007BDE4D /* Images.xcassets */,
				8AAC8CE8194ED4CF007BDE4D /* MainMenu.xib */,
				8AAC8CE0194ED4CF007BDE4D /* Supporting Files */,
				8AAC8D29194ED902007BDE4D /* MyPlayground.playground */,
			);
			path = "SRChocoDemo-OSX";
			sourceTree = "<group>";
		};
		8AAC8CE0194ED4CF007BDE4D /* Supporting Files */ = {
			isa = PBXGroup;
			children = (
				8AAC8CE1194ED4CF007BDE4D /* Info.plist */,
				8AAC8CE2194ED4CF007BDE4D /* main.swift */,
			);
			name = "Supporting Files";
			sourceTree = "<group>";
		};
		8AAC8CF2194ED4CF007BDE4D /* SRChocoDemo-OSXTests */ = {
			isa = PBXGroup;
			children = (
				8AAC8CF3194ED4CF007BDE4D /* Supporting Files */,
				8AAC8CF5194ED4CF007BDE4D /* SRChocoDemo_OSXTests.swift */,
				8A682E4A1992289200432E13 /* TestNSDateExtensions.swift */,
				8A682E4E1993764800432E13 /* TestSRRegexp.swift */,
				8AC4DFE91997AF650062B51A /* TestStringExtensions.swift */,
				8ABA3A1219CACEC0009B75A5 /* TestArrayExtensions.swift */,
				8A0AAFF319E5085E00B7A93D /* TestUUID.swift */,
				8AAD786919F74E7C00B4551F /* TestSRFileManager.swift */,
			);
			path = "SRChocoDemo-OSXTests";
			sourceTree = "<group>";
		};
		8AAC8CF3194ED4CF007BDE4D /* Supporting Files */ = {
			isa = PBXGroup;
			children = (
				8AAC8CF4194ED4CF007BDE4D /* Info.plist */,
			);
			name = "Supporting Files";
			sourceTree = "<group>";
		};
		8AAC8D25194ED55D007BDE4D /* SRChoco */ = {
			isa = PBXGroup;
			children = (
				8A13348A1A0A344D00F44FB9 /* SRHotkeyManager */,
				8A0AAFE819E505A600B7A93D /* SRUUID */,
				8AE2EF2E19D8F8720037C005 /* SRExternalApp */,
				8AB156B519C6DFD800A2A568 /* SRStatusItemPopupController */,
				8A26B79D1985F062004F3168 /* SRRegexp */,
				8A7AC8D219766575006028F4 /* SRGCD */,
				8AADB7EF1971679700200861 /* SRInputSourceManager */,
				8A8FEE151961435800C73F8C /* SRWindowManager */,
				8AC2B6E8195ECA1500459F3D /* SRFileManager */,
				8A4DE92719515A3D00F65AEB /* Utilities */,
			);
			name = SRChoco;
			path = ../../../SRChoco;
			sourceTree = "<group>";
		};
		8AADB7EF1971679700200861 /* SRInputSourceManager */ = {
			isa = PBXGroup;
			children = (
				8AADB7F01971679700200861 /* SRInputSourceManager.swift */,
			);
			path = SRInputSourceManager;
			sourceTree = "<group>";
		};
		8AB156B519C6DFD800A2A568 /* SRStatusItemPopupController */ = {
			isa = PBXGroup;
			children = (
				8AB156B619C6DFD800A2A568 /* SRStatusItemPopupController.swift */,
			);
			path = SRStatusItemPopupController;
			sourceTree = "<group>";
		};
		8AC2B6E8195ECA1500459F3D /* SRFileManager */ = {
			isa = PBXGroup;
			children = (
				8AC2B6E9195ECA1500459F3D /* SRDirectory.swift */,
				8AC2B6EA195ECA1500459F3D /* SRFile.swift */,
			);
			path = SRFileManager;
			sourceTree = "<group>";
		};
		8AE2EF2E19D8F8720037C005 /* SRExternalApp */ = {
			isa = PBXGroup;
			children = (
				8AE2EF2F19D8F8720037C005 /* SRExternalApp.swift */,
			);
			path = SRExternalApp;
			sourceTree = "<group>";
		};
/* End PBXGroup section */

/* Begin PBXNativeTarget section */
		8AAC8CDC194ED4CF007BDE4D /* SRChocoDemo-OSX */ = {
			isa = PBXNativeTarget;
			buildConfigurationList = 8AAC8CF9194ED4CF007BDE4D /* Build configuration list for PBXNativeTarget "SRChocoDemo-OSX" */;
			buildPhases = (
				8AAC8CD9194ED4CF007BDE4D /* Sources */,
				8AAC8CDA194ED4CF007BDE4D /* Frameworks */,
				8AAC8CDB194ED4CF007BDE4D /* Resources */,
			);
			buildRules = (
			);
			dependencies = (
			);
			name = "SRChocoDemo-OSX";
			productName = "SRChocoDemo-OSX";
			productReference = 8AAC8CDD194ED4CF007BDE4D /* SRChocoDemo-OSX.app */;
			productType = "com.apple.product-type.application";
		};
		8AAC8CEE194ED4CF007BDE4D /* SRChocoDemo-OSXTests */ = {
			isa = PBXNativeTarget;
			buildConfigurationList = 8AAC8CFC194ED4CF007BDE4D /* Build configuration list for PBXNativeTarget "SRChocoDemo-OSXTests" */;
			buildPhases = (
				8AAC8CEB194ED4CF007BDE4D /* Sources */,
				8AAC8CEC194ED4CF007BDE4D /* Frameworks */,
				8AAC8CED194ED4CF007BDE4D /* Resources */,
			);
			buildRules = (
			);
			dependencies = (
				8AAC8CF1194ED4CF007BDE4D /* PBXTargetDependency */,
			);
			name = "SRChocoDemo-OSXTests";
			productName = "SRChocoDemo-OSXTests";
			productReference = 8AAC8CEF194ED4CF007BDE4D /* SRChocoDemo-OSXTests.xctest */;
			productType = "com.apple.product-type.bundle.unit-test";
		};
/* End PBXNativeTarget section */

/* Begin PBXProject section */
		8AAC8CD5194ED4CF007BDE4D /* Project object */ = {
			isa = PBXProject;
			attributes = {
				LastUpgradeCheck = 0610;
				ORGANIZATIONNAME = Seorenn;
				TargetAttributes = {
					8AAC8CDC194ED4CF007BDE4D = {
						CreatedOnToolsVersion = 6.0;
					};
					8AAC8CEE194ED4CF007BDE4D = {
						CreatedOnToolsVersion = 6.0;
						TestTargetID = 8AAC8CDC194ED4CF007BDE4D;
					};
				};
			};
			buildConfigurationList = 8AAC8CD8194ED4CF007BDE4D /* Build configuration list for PBXProject "SRChocoDemo-OSX" */;
			compatibilityVersion = "Xcode 3.2";
			developmentRegion = English;
			hasScannedForEncodings = 0;
			knownRegions = (
				en,
				Base,
			);
			mainGroup = 8AAC8CD4194ED4CF007BDE4D;
			productRefGroup = 8AAC8CDE194ED4CF007BDE4D /* Products */;
			projectDirPath = "";
			projectRoot = "";
			targets = (
				8AAC8CDC194ED4CF007BDE4D /* SRChocoDemo-OSX */,
				8AAC8CEE194ED4CF007BDE4D /* SRChocoDemo-OSXTests */,
			);
		};
/* End PBXProject section */

/* Begin PBXResourcesBuildPhase section */
		8AAC8CDB194ED4CF007BDE4D /* Resources */ = {
			isa = PBXResourcesBuildPhase;
			buildActionMask = 2147483647;
			files = (
				8AAC8CE7194ED4CF007BDE4D /* Images.xcassets in Resources */,
				8AB156BD19C6ECDC00A2A568 /* StatusPopupViewController.xib in Resources */,
				8AAC8CEA194ED4CF007BDE4D /* MainMenu.xib in Resources */,
			);
			runOnlyForDeploymentPostprocessing = 0;
		};
		8AAC8CED194ED4CF007BDE4D /* Resources */ = {
			isa = PBXResourcesBuildPhase;
			buildActionMask = 2147483647;
			files = (
				8AB156BE19C6ECDC00A2A568 /* StatusPopupViewController.xib in Resources */,
			);
			runOnlyForDeploymentPostprocessing = 0;
		};
/* End PBXResourcesBuildPhase section */

/* Begin PBXSourcesBuildPhase section */
		8AAC8CD9194ED4CF007BDE4D /* Sources */ = {
			isa = PBXSourcesBuildPhase;
			buildActionMask = 2147483647;
			files = (
				8AB156B719C6DFD800A2A568 /* SRStatusItemPopupController.swift in Sources */,
				8A4DE92919515A3D00F65AEB /* NSDateExtensions.swift in Sources */,
				8ABA3A1019C9812B009B75A5 /* ArrayExtensions.swift in Sources */,
				8A0AAFEA19E505A600B7A93D /* SRUUID.swift in Sources */,
				8AF47824195AC92E00960AE4 /* Log.swift in Sources */,
				8ABA3A0C19C93076009B75A5 /* InputSourceController.swift in Sources */,
				8AADB7F11971679700200861 /* SRInputSourceManager.swift in Sources */,
				8A8FEE171961435800C73F8C /* SRWindowManager.swift in Sources */,
				8AE2EF3019D8F8720037C005 /* SRExternalApp.swift in Sources */,
				8A26B79F1985F062004F3168 /* SRRegexp.swift in Sources */,
				8ABA3A0E19C94015009B75A5 /* WindowLogController.swift in Sources */,
				8AAC8CE5194ED4CF007BDE4D /* AppDelegate.swift in Sources */,
				8AC2B6EC195ECA1500459F3D /* SRFile.swift in Sources */,
				8AC2B6EB195ECA1500459F3D /* SRDirectory.swift in Sources */,
				8A13348C1A0A344D00F44FB9 /* SRHotkeyManager.swift in Sources */,
				8A7AC8D419766575006028F4 /* SRDispatch.swift in Sources */,
				8AB156BB19C6ECDC00A2A568 /* StatusPopupViewController.swift in Sources */,
				8AAC8CE3194ED4CF007BDE4D /* main.swift in Sources */,
				8A914C8B1971152F002CE4A5 /* DemoSRFileManager.swift in Sources */,
				8AD8912119A1B99600BD48AC /* ViewExtensions.swift in Sources */,
				8AC4DFE81997AEFC0062B51A /* StringExtensions.swift in Sources */,
			);
			runOnlyForDeploymentPostprocessing = 0;
		};
		8AAC8CEB194ED4CF007BDE4D /* Sources */ = {
			isa = PBXSourcesBuildPhase;
			buildActionMask = 2147483647;
			files = (
				8A2D06A419A47979001D42AB /* SRDispatch.swift in Sources */,
				8A2D06A719A4798E001D42AB /* SRWindowManager.swift in Sources */,
				8ACA188E19B076CF006B5048 /* NSDateExtensions.swift in Sources */,
				8A0AAFEB19E505A600B7A93D /* SRUUID.swift in Sources */,
				8A2D06AB19A479A0001D42AB /* Log.swift in Sources */,
				8AB156BC19C6ECDC00A2A568 /* StatusPopupViewController.swift in Sources */,
				8A2D06A319A47975001D42AB /* SRInputSourceManager.swift in Sources */,
				8AC4DFEA1997AF650062B51A /* TestStringExtensions.swift in Sources */,
				8AAD786A19F74E7C00B4551F /* TestSRFileManager.swift in Sources */,
				8AE2EF3119D8F8720037C005 /* SRExternalApp.swift in Sources */,
				8A0AAFF419E5085E00B7A93D /* TestUUID.swift in Sources */,
				8ABA3A1119CACE62009B75A5 /* ArrayExtensions.swift in Sources */,
				8A682E4F1993764800432E13 /* TestSRRegexp.swift in Sources */,
				8AB156B819C6DFD800A2A568 /* SRStatusItemPopupController.swift in Sources */,
				8ADF2C8D199B72F9001A1D8F /* StringExtensions.swift in Sources */,
				8A2D06A819A47991001D42AB /* SRDirectory.swift in Sources */,
				8A682E4B1992289200432E13 /* TestNSDateExtensions.swift in Sources */,
				8A2D06AA19A47998001D42AB /* ViewExtensions.swift in Sources */,
				8A2D06A919A47995001D42AB /* SRFile.swift in Sources */,
				8A2D06A519A4797C001D42AB /* SRRegexp.swift in Sources */,
				8AAC8CF6194ED4CF007BDE4D /* SRChocoDemo_OSXTests.swift in Sources */,
				8ABA3A1319CACEC0009B75A5 /* TestArrayExtensions.swift in Sources */,
				8A13348D1A0A344D00F44FB9 /* SRHotkeyManager.swift in Sources */,
			);
			runOnlyForDeploymentPostprocessing = 0;
		};
/* End PBXSourcesBuildPhase section */

/* Begin PBXTargetDependency section */
		8AAC8CF1194ED4CF007BDE4D /* PBXTargetDependency */ = {
			isa = PBXTargetDependency;
			target = 8AAC8CDC194ED4CF007BDE4D /* SRChocoDemo-OSX */;
			targetProxy = 8AAC8CF0194ED4CF007BDE4D /* PBXContainerItemProxy */;
		};
/* End PBXTargetDependency section */

/* Begin PBXVariantGroup section */
		8AAC8CE8194ED4CF007BDE4D /* MainMenu.xib */ = {
			isa = PBXVariantGroup;
			children = (
				8AAC8CE9194ED4CF007BDE4D /* Base */,
			);
			name = MainMenu.xib;
			sourceTree = "<group>";
		};
/* End PBXVariantGroup section */

/* Begin XCBuildConfiguration section */
		8AAC8CF7194ED4CF007BDE4D /* Debug */ = {
			isa = XCBuildConfiguration;
			buildSettings = {
				ALWAYS_SEARCH_USER_PATHS = NO;
				CLANG_CXX_LANGUAGE_STANDARD = "gnu++0x";
				CLANG_CXX_LIBRARY = "libc++";
				CLANG_ENABLE_MODULES = YES;
				CLANG_ENABLE_OBJC_ARC = YES;
				CLANG_WARN_BOOL_CONVERSION = YES;
				CLANG_WARN_CONSTANT_CONVERSION = YES;
				CLANG_WARN_DIRECT_OBJC_ISA_USAGE = YES_ERROR;
				CLANG_WARN_EMPTY_BODY = YES;
				CLANG_WARN_ENUM_CONVERSION = YES;
				CLANG_WARN_INT_CONVERSION = YES;
				CLANG_WARN_OBJC_ROOT_CLASS = YES_ERROR;
				CLANG_WARN_UNREACHABLE_CODE = YES;
				CLANG_WARN__DUPLICATE_METHOD_MATCH = YES;
				CODE_SIGN_IDENTITY = "-";
				COPY_PHASE_STRIP = NO;
				ENABLE_STRICT_OBJC_MSGSEND = YES;
				GCC_C_LANGUAGE_STANDARD = gnu99;
				GCC_DYNAMIC_NO_PIC = NO;
				GCC_OPTIMIZATION_LEVEL = 0;
				GCC_PREPROCESSOR_DEFINITIONS = (
					"DEBUG=1",
					"$(inherited)",
				);
				GCC_SYMBOLS_PRIVATE_EXTERN = NO;
				GCC_WARN_64_TO_32_BIT_CONVERSION = YES;
				GCC_WARN_ABOUT_RETURN_TYPE = YES_ERROR;
				GCC_WARN_UNDECLARED_SELECTOR = YES;
				GCC_WARN_UNINITIALIZED_AUTOS = YES_AGGRESSIVE;
				GCC_WARN_UNUSED_FUNCTION = YES;
				GCC_WARN_UNUSED_VARIABLE = YES;
				MACOSX_DEPLOYMENT_TARGET = 10.9;
				METAL_ENABLE_DEBUG_INFO = YES;
				ONLY_ACTIVE_ARCH = YES;
				SDKROOT = macosx;
				SWIFT_OPTIMIZATION_LEVEL = "-Onone";
			};
			name = Debug;
		};
		8AAC8CF8194ED4CF007BDE4D /* Release */ = {
			isa = XCBuildConfiguration;
			buildSettings = {
				ALWAYS_SEARCH_USER_PATHS = NO;
				CLANG_CXX_LANGUAGE_STANDARD = "gnu++0x";
				CLANG_CXX_LIBRARY = "libc++";
				CLANG_ENABLE_MODULES = YES;
				CLANG_ENABLE_OBJC_ARC = YES;
				CLANG_WARN_BOOL_CONVERSION = YES;
				CLANG_WARN_CONSTANT_CONVERSION = YES;
				CLANG_WARN_DIRECT_OBJC_ISA_USAGE = YES_ERROR;
				CLANG_WARN_EMPTY_BODY = YES;
				CLANG_WARN_ENUM_CONVERSION = YES;
				CLANG_WARN_INT_CONVERSION = YES;
				CLANG_WARN_OBJC_ROOT_CLASS = YES_ERROR;
				CLANG_WARN_UNREACHABLE_CODE = YES;
				CLANG_WARN__DUPLICATE_METHOD_MATCH = YES;
				CODE_SIGN_IDENTITY = "-";
				COPY_PHASE_STRIP = YES;
				DEBUG_INFORMATION_FORMAT = "dwarf-with-dsym";
				ENABLE_NS_ASSERTIONS = NO;
				ENABLE_STRICT_OBJC_MSGSEND = YES;
				GCC_C_LANGUAGE_STANDARD = gnu99;
				GCC_WARN_64_TO_32_BIT_CONVERSION = YES;
				GCC_WARN_ABOUT_RETURN_TYPE = YES_ERROR;
				GCC_WARN_UNDECLARED_SELECTOR = YES;
				GCC_WARN_UNINITIALIZED_AUTOS = YES_AGGRESSIVE;
				GCC_WARN_UNUSED_FUNCTION = YES;
				GCC_WARN_UNUSED_VARIABLE = YES;
				MACOSX_DEPLOYMENT_TARGET = 10.9;
				METAL_ENABLE_DEBUG_INFO = NO;
				SDKROOT = macosx;
			};
			name = Release;
		};
		8AAC8CFA194ED4CF007BDE4D /* Debug */ = {
			isa = XCBuildConfiguration;
			buildSettings = {
				ASSETCATALOG_COMPILER_APPICON_NAME = AppIcon;
				CLANG_ENABLE_MODULES = YES;
				COMBINE_HIDPI_IMAGES = YES;
				GCC_PREPROCESSOR_DEFINITIONS = (
					"DEBUG=0",
					BUILDCONFIG_TEST,
				);
				INFOPLIST_FILE = "SRChocoDemo-OSX/Info.plist";
				LD_RUNPATH_SEARCH_PATHS = "$(inherited) @executable_path/../Frameworks";
				MACOSX_DEPLOYMENT_TARGET = 10.9;
				PRODUCT_NAME = "$(TARGET_NAME)";
				SDKROOT = macosx;
				SWIFT_OBJC_BRIDGING_HEADER = "$(SRCROOT)/SRChocoDemo-OSX/SRChocoDemo-OSX-Bridging-Header.h";
				SWIFT_OPTIMIZATION_LEVEL = "-Onone";
			};
			name = Debug;
		};
		8AAC8CFB194ED4CF007BDE4D /* Release */ = {
			isa = XCBuildConfiguration;
			buildSettings = {
				ASSETCATALOG_COMPILER_APPICON_NAME = AppIcon;
				CLANG_ENABLE_MODULES = YES;
				COMBINE_HIDPI_IMAGES = YES;
				GCC_PREPROCESSOR_DEFINITIONS = BUILDCONFIG_TEST;
				INFOPLIST_FILE = "SRChocoDemo-OSX/Info.plist";
				LD_RUNPATH_SEARCH_PATHS = "$(inherited) @executable_path/../Frameworks";
				MACOSX_DEPLOYMENT_TARGET = 10.9;
				PRODUCT_NAME = "$(TARGET_NAME)";
				SDKROOT = macosx;
				SWIFT_OBJC_BRIDGING_HEADER = "$(SRCROOT)/SRChocoDemo-OSX/SRChocoDemo-OSX-Bridging-Header.h";
			};
			name = Release;
		};
		8AAC8CFD194ED4CF007BDE4D /* Debug */ = {
			isa = XCBuildConfiguration;
			buildSettings = {
				BUNDLE_LOADER = "$(BUILT_PRODUCTS_DIR)/SRChocoDemo-OSX.app/Contents/MacOS/SRChocoDemo-OSX";
				COMBINE_HIDPI_IMAGES = YES;
				FRAMEWORK_SEARCH_PATHS = (
					"$(DEVELOPER_FRAMEWORKS_DIR)",
					"$(inherited)",
				);
				GCC_PREPROCESSOR_DEFINITIONS = (
					"DEBUG=1",
					"$(inherited)",
				);
				INFOPLIST_FILE = "SRChocoDemo-OSXTests/Info.plist";
				LD_RUNPATH_SEARCH_PATHS = "$(inherited) @executable_path/../Frameworks @loader_path/../Frameworks";
				METAL_ENABLE_DEBUG_INFO = YES;
				PRODUCT_NAME = "$(TARGET_NAME)";
				TEST_HOST = "$(BUNDLE_LOADER)";
			};
			name = Debug;
		};
		8AAC8CFE194ED4CF007BDE4D /* Release */ = {
			isa = XCBuildConfiguration;
			buildSettings = {
				BUNDLE_LOADER = "$(BUILT_PRODUCTS_DIR)/SRChocoDemo-OSX.app/Contents/MacOS/SRChocoDemo-OSX";
				COMBINE_HIDPI_IMAGES = YES;
				FRAMEWORK_SEARCH_PATHS = (
					"$(DEVELOPER_FRAMEWORKS_DIR)",
					"$(inherited)",
				);
				INFOPLIST_FILE = "SRChocoDemo-OSXTests/Info.plist";
				LD_RUNPATH_SEARCH_PATHS = "$(inherited) @executable_path/../Frameworks @loader_path/../Frameworks";
				METAL_ENABLE_DEBUG_INFO = NO;
				PRODUCT_NAME = "$(TARGET_NAME)";
				TEST_HOST = "$(BUNDLE_LOADER)";
			};
			name = Release;
		};
/* End XCBuildConfiguration section */

/* Begin XCConfigurationList section */
		8AAC8CD8194ED4CF007BDE4D /* Build configuration list for PBXProject "SRChocoDemo-OSX" */ = {
			isa = XCConfigurationList;
			buildConfigurations = (
				8AAC8CF7194ED4CF007BDE4D /* Debug */,
				8AAC8CF8194ED4CF007BDE4D /* Release */,
			);
			defaultConfigurationIsVisible = 0;
			defaultConfigurationName = Release;
		};
		8AAC8CF9194ED4CF007BDE4D /* Build configuration list for PBXNativeTarget "SRChocoDemo-OSX" */ = {
			isa = XCConfigurationList;
			buildConfigurations = (
				8AAC8CFA194ED4CF007BDE4D /* Debug */,
				8AAC8CFB194ED4CF007BDE4D /* Release */,
			);
			defaultConfigurationIsVisible = 0;
			defaultConfigurationName = Release;
		};
		8AAC8CFC194ED4CF007BDE4D /* Build configuration list for PBXNativeTarget "SRChocoDemo-OSXTests" */ = {
			isa = XCConfigurationList;
			buildConfigurations = (
				8AAC8CFD194ED4CF007BDE4D /* Debug */,
				8AAC8CFE194ED4CF007BDE4D /* Release */,
			);
			defaultConfigurationIsVisible = 0;
			defaultConfigurationName = Release;
		};
/* End XCConfigurationList section */
	};
	rootObject = 8AAC8CD5194ED4CF007BDE4D /* Project object */;
}
