// !$*UTF8*$!
{
	archiveVersion = 1;
	classes = {
	};
	objectVersion = 46;
	objects = {

/* Begin PBXBuildFile section */
		8A23A2E019515C3C008CB833 /* DemoNSDateExtensions.swift in Sources */ = {isa = PBXBuildFile; fileRef = 8A23A2DF19515C3C008CB833 /* DemoNSDateExtensions.swift */; };
		8A4DE92919515A3D00F65AEB /* NSDateExtensions.swift in Sources */ = {isa = PBXBuildFile; fileRef = 8A4DE92819515A3D00F65AEB /* NSDateExtensions.swift */; };
		8A6B465F196A884400E791B5 /* SROtherApp.swift in Sources */ = {isa = PBXBuildFile; fileRef = 8A6B465E196A884400E791B5 /* SROtherApp.swift */; };
		8A8FEE171961435800C73F8C /* SRWindowManager.swift in Sources */ = {isa = PBXBuildFile; fileRef = 8A8FEE161961435800C73F8C /* SRWindowManager.swift */; };
		8A914C89197114FB002CE4A5 /* DemoSRWindowManager.swift in Sources */ = {isa = PBXBuildFile; fileRef = 8A914C88197114FB002CE4A5 /* DemoSRWindowManager.swift */; };
		8A914C8B1971152F002CE4A5 /* DemoSRFileManager.swift in Sources */ = {isa = PBXBuildFile; fileRef = 8A914C8A1971152F002CE4A5 /* DemoSRFileManager.swift */; };
		8AAC8CE3194ED4CF007BDE4D /* main.swift in Sources */ = {isa = PBXBuildFile; fileRef = 8AAC8CE2194ED4CF007BDE4D /* main.swift */; };
		8AAC8CE5194ED4CF007BDE4D /* AppDelegate.swift in Sources */ = {isa = PBXBuildFile; fileRef = 8AAC8CE4194ED4CF007BDE4D /* AppDelegate.swift */; };
		8AAC8CE7194ED4CF007BDE4D /* Images.xcassets in Resources */ = {isa = PBXBuildFile; fileRef = 8AAC8CE6194ED4CF007BDE4D /* Images.xcassets */; };
		8AAC8CEA194ED4CF007BDE4D /* MainMenu.xib in Resources */ = {isa = PBXBuildFile; fileRef = 8AAC8CE8194ED4CF007BDE4D /* MainMenu.xib */; };
		8AAC8CF6194ED4CF007BDE4D /* SRChocoDemo_OSXTests.swift in Sources */ = {isa = PBXBuildFile; fileRef = 8AAC8CF5194ED4CF007BDE4D /* SRChocoDemo_OSXTests.swift */; };
		8AAC8D28194ED55D007BDE4D /* SRDatetime.swift in Sources */ = {isa = PBXBuildFile; fileRef = 8AAC8D27194ED55D007BDE4D /* SRDatetime.swift */; };
		8AADB7F11971679700200861 /* SRInputSourceManager.swift in Sources */ = {isa = PBXBuildFile; fileRef = 8AADB7F01971679700200861 /* SRInputSourceManager.swift */; };
		8AC2B6EB195ECA1500459F3D /* SRDirectory.swift in Sources */ = {isa = PBXBuildFile; fileRef = 8AC2B6E9195ECA1500459F3D /* SRDirectory.swift */; };
		8AC2B6EC195ECA1500459F3D /* SRFile.swift in Sources */ = {isa = PBXBuildFile; fileRef = 8AC2B6EA195ECA1500459F3D /* SRFile.swift */; };
		8AF47824195AC92E00960AE4 /* Log.swift in Sources */ = {isa = PBXBuildFile; fileRef = 8AF47823195AC92E00960AE4 /* Log.swift */; };
/* End PBXBuildFile section */

/* Begin PBXContainerItemProxy section */
		8AAC8CF0194ED4CF007BDE4D /* PBXContainerItemProxy */ = {
			isa = PBXContainerItemProxy;
			containerPortal = 8AAC8CD5194ED4CF007BDE4D /* Project object */;
			proxyType = 1;
			remoteGlobalIDString = 8AAC8CDC194ED4CF007BDE4D;
			remoteInfo = "SRChocoDemo-OSX";
		};
/* End PBXContainerItemProxy section */

/* Begin PBXFileReference section */
		8A23A2DF19515C3C008CB833 /* DemoNSDateExtensions.swift */ = {isa = PBXFileReference; fileEncoding = 4; lastKnownFileType = sourcecode.swift; name = DemoNSDateExtensions.swift; path = ../../Common/DemoNSDateExtensions.swift; sourceTree = "<group>"; };
		8A4DE92819515A3D00F65AEB /* NSDateExtensions.swift */ = {isa = PBXFileReference; fileEncoding = 4; lastKnownFileType = sourcecode.swift; path = NSDateExtensions.swift; sourceTree = "<group>"; };
		8A6B465E196A884400E791B5 /* SROtherApp.swift */ = {isa = PBXFileReference; fileEncoding = 4; lastKnownFileType = sourcecode.swift; path = SROtherApp.swift; sourceTree = "<group>"; };
		8A8FEE161961435800C73F8C /* SRWindowManager.swift */ = {isa = PBXFileReference; fileEncoding = 4; lastKnownFileType = sourcecode.swift; path = SRWindowManager.swift; sourceTree = "<group>"; };
		8A914C88197114FB002CE4A5 /* DemoSRWindowManager.swift */ = {isa = PBXFileReference; fileEncoding = 4; lastKnownFileType = sourcecode.swift; path = DemoSRWindowManager.swift; sourceTree = "<group>"; };
		8A914C8A1971152F002CE4A5 /* DemoSRFileManager.swift */ = {isa = PBXFileReference; fileEncoding = 4; lastKnownFileType = sourcecode.swift; path = DemoSRFileManager.swift; sourceTree = "<group>"; };
		8AAC8CDD194ED4CF007BDE4D /* SRChocoDemo-OSX.app */ = {isa = PBXFileReference; explicitFileType = wrapper.application; includeInIndex = 0; path = "SRChocoDemo-OSX.app"; sourceTree = BUILT_PRODUCTS_DIR; };
		8AAC8CE1194ED4CF007BDE4D /* Info.plist */ = {isa = PBXFileReference; lastKnownFileType = text.plist.xml; path = Info.plist; sourceTree = "<group>"; };
		8AAC8CE2194ED4CF007BDE4D /* main.swift */ = {isa = PBXFileReference; lastKnownFileType = sourcecode.swift; path = main.swift; sourceTree = "<group>"; };
		8AAC8CE4194ED4CF007BDE4D /* AppDelegate.swift */ = {isa = PBXFileReference; lastKnownFileType = sourcecode.swift; path = AppDelegate.swift; sourceTree = "<group>"; };
		8AAC8CE6194ED4CF007BDE4D /* Images.xcassets */ = {isa = PBXFileReference; lastKnownFileType = folder.assetcatalog; path = Images.xcassets; sourceTree = "<group>"; };
		8AAC8CE9194ED4CF007BDE4D /* Base */ = {isa = PBXFileReference; lastKnownFileType = file.xib; name = Base; path = Base.lproj/MainMenu.xib; sourceTree = "<group>"; };
		8AAC8CEF194ED4CF007BDE4D /* SRChocoDemo-OSXTests.xctest */ = {isa = PBXFileReference; explicitFileType = wrapper.cfbundle; includeInIndex = 0; path = "SRChocoDemo-OSXTests.xctest"; sourceTree = BUILT_PRODUCTS_DIR; };
		8AAC8CF4194ED4CF007BDE4D /* Info.plist */ = {isa = PBXFileReference; lastKnownFileType = text.plist.xml; path = Info.plist; sourceTree = "<group>"; };
		8AAC8CF5194ED4CF007BDE4D /* SRChocoDemo_OSXTests.swift */ = {isa = PBXFileReference; lastKnownFileType = sourcecode.swift; path = SRChocoDemo_OSXTests.swift; sourceTree = "<group>"; };
		8AAC8D27194ED55D007BDE4D /* SRDatetime.swift */ = {isa = PBXFileReference; fileEncoding = 4; lastKnownFileType = sourcecode.swift; path = SRDatetime.swift; sourceTree = "<group>"; };
		8AAC8D29194ED902007BDE4D /* MyPlayground.playground */ = {isa = PBXFileReference; lastKnownFileType = file.playground; path = MyPlayground.playground; sourceTree = "<group>"; };
		8AADB7F01971679700200861 /* SRInputSourceManager.swift */ = {isa = PBXFileReference; fileEncoding = 4; lastKnownFileType = sourcecode.swift; path = SRInputSourceManager.swift; sourceTree = "<group>"; };
		8AC2B6E9195ECA1500459F3D /* SRDirectory.swift */ = {isa = PBXFileReference; fileEncoding = 4; lastKnownFileType = sourcecode.swift; path = SRDirectory.swift; sourceTree = "<group>"; };
		8AC2B6EA195ECA1500459F3D /* SRFile.swift */ = {isa = PBXFileReference; fileEncoding = 4; lastKnownFileType = sourcecode.swift; path = SRFile.swift; sourceTree = "<group>"; };
		8AF47823195AC92E00960AE4 /* Log.swift */ = {isa = PBXFileReference; fileEncoding = 4; lastKnownFileType = sourcecode.swift; path = Log.swift; sourceTree = "<group>"; };
/* End PBXFileReference section */

/* Begin PBXFrameworksBuildPhase section */
		8AAC8CDA194ED4CF007BDE4D /* Frameworks */ = {
			isa = PBXFrameworksBuildPhase;
			buildActionMask = 2147483647;
			files = (
			);
			runOnlyForDeploymentPostprocessing = 0;
		};
		8AAC8CEC194ED4CF007BDE4D /* Frameworks */ = {
			isa = PBXFrameworksBuildPhase;
			buildActionMask = 2147483647;
			files = (
			);
			runOnlyForDeploymentPostprocessing = 0;
		};
/* End PBXFrameworksBuildPhase section */

/* Begin PBXGroup section */
		8A23A2DE19515C2F008CB833 /* Demo */ = {
			isa = PBXGroup;
			children = (
				8A23A2DF19515C3C008CB833 /* DemoNSDateExtensions.swift */,
				8A914C88197114FB002CE4A5 /* DemoSRWindowManager.swift */,
				8A914C8A1971152F002CE4A5 /* DemoSRFileManager.swift */,
			);
			name = Demo;
			sourceTree = "<group>";
		};
		8A4DE92719515A3D00F65AEB /* Utilities */ = {
			isa = PBXGroup;
			children = (
				8AF47823195AC92E00960AE4 /* Log.swift */,
				8A4DE92819515A3D00F65AEB /* NSDateExtensions.swift */,
			);
			path = Utilities;
			sourceTree = "<group>";
		};
		8A6B465D196A884400E791B5 /* SROtherApp */ = {
			isa = PBXGroup;
			children = (
				8A6B465E196A884400E791B5 /* SROtherApp.swift */,
			);
			path = SROtherApp;
			sourceTree = "<group>";
		};
		8A8FEE151961435800C73F8C /* SRWindowManager */ = {
			isa = PBXGroup;
			children = (
				8A8FEE161961435800C73F8C /* SRWindowManager.swift */,
			);
			path = SRWindowManager;
			sourceTree = "<group>";
		};
		8AAC8CD4194ED4CF007BDE4D = {
			isa = PBXGroup;
			children = (
				8AAC8CDF194ED4CF007BDE4D /* SRChocoDemo-OSX */,
				8AAC8CF2194ED4CF007BDE4D /* SRChocoDemo-OSXTests */,
				8AAC8CDE194ED4CF007BDE4D /* Products */,
			);
			sourceTree = "<group>";
		};
		8AAC8CDE194ED4CF007BDE4D /* Products */ = {
			isa = PBXGroup;
			children = (
				8AAC8CDD194ED4CF007BDE4D /* SRChocoDemo-OSX.app */,
				8AAC8CEF194ED4CF007BDE4D /* SRChocoDemo-OSXTests.xctest */,
			);
			name = Products;
			sourceTree = "<group>";
		};
		8AAC8CDF194ED4CF007BDE4D /* SRChocoDemo-OSX */ = {
			isa = PBXGroup;
			children = (
				8A23A2DE19515C2F008CB833 /* Demo */,
				8AAC8D25194ED55D007BDE4D /* SRChoco */,
				8AAC8CE4194ED4CF007BDE4D /* AppDelegate.swift */,
				8AAC8CE6194ED4CF007BDE4D /* Images.xcassets */,
				8AAC8CE8194ED4CF007BDE4D /* MainMenu.xib */,
				8AAC8CE0194ED4CF007BDE4D /* Supporting Files */,
				8AAC8D29194ED902007BDE4D /* MyPlayground.playground */,
			);
			path = "SRChocoDemo-OSX";
			sourceTree = "<group>";
		};
		8AAC8CE0194ED4CF007BDE4D /* Supporting Files */ = {
			isa = PBXGroup;
			children = (
				8AAC8CE1194ED4CF007BDE4D /* Info.plist */,
				8AAC8CE2194ED4CF007BDE4D /* main.swift */,
			);
			name = "Supporting Files";
			sourceTree = "<group>";
		};
		8AAC8CF2194ED4CF007BDE4D /* SRChocoDemo-OSXTests */ = {
			isa = PBXGroup;
			children = (
				8AAC8CF5194ED4CF007BDE4D /* SRChocoDemo_OSXTests.swift */,
				8AAC8CF3194ED4CF007BDE4D /* Supporting Files */,
			);
			path = "SRChocoDemo-OSXTests";
			sourceTree = "<group>";
		};
		8AAC8CF3194ED4CF007BDE4D /* Supporting Files */ = {
			isa = PBXGroup;
			children = (
				8AAC8CF4194ED4CF007BDE4D /* Info.plist */,
			);
			name = "Supporting Files";
			sourceTree = "<group>";
		};
		8AAC8D25194ED55D007BDE4D /* SRChoco */ = {
			isa = PBXGroup;
			children = (
				8AADB7EF1971679700200861 /* SRInputSourceManager */,
				8A6B465D196A884400E791B5 /* SROtherApp */,
				8A8FEE151961435800C73F8C /* SRWindowManager */,
				8AC2B6E8195ECA1500459F3D /* SRFileManager */,
				8A4DE92719515A3D00F65AEB /* Utilities */,
				8AAC8D26194ED55D007BDE4D /* SRDatetime */,
			);
			name = SRChoco;
			path = ../../../SRChoco;
			sourceTree = "<group>";
		};
		8AAC8D26194ED55D007BDE4D /* SRDatetime */ = {
			isa = PBXGroup;
			children = (
				8AAC8D27194ED55D007BDE4D /* SRDatetime.swift */,
			);
			path = SRDatetime;
			sourceTree = "<group>";
		};
		8AADB7EF1971679700200861 /* SRInputSourceManager */ = {
			isa = PBXGroup;
			children = (
				8AADB7F01971679700200861 /* SRInputSourceManager.swift */,
			);
			path = SRInputSourceManager;
			sourceTree = "<group>";
		};
		8AC2B6E8195ECA1500459F3D /* SRFileManager */ = {
			isa = PBXGroup;
			children = (
				8AC2B6E9195ECA1500459F3D /* SRDirectory.swift */,
				8AC2B6EA195ECA1500459F3D /* SRFile.swift */,
			);
			path = SRFileManager;
			sourceTree = "<group>";
		};
/* End PBXGroup section */

/* Begin PBXNativeTarget section */
		8AAC8CDC194ED4CF007BDE4D /* SRChocoDemo-OSX */ = {
			isa = PBXNativeTarget;
			buildConfigurationList = 8AAC8CF9194ED4CF007BDE4D /* Build configuration list for PBXNativeTarget "SRChocoDemo-OSX" */;
			buildPhases = (
				8AAC8CD9194ED4CF007BDE4D /* Sources */,
				8AAC8CDA194ED4CF007BDE4D /* Frameworks */,
				8AAC8CDB194ED4CF007BDE4D /* Resources */,
			);
			buildRules = (
			);
			dependencies = (
			);
			name = "SRChocoDemo-OSX";
			productName = "SRChocoDemo-OSX";
			productReference = 8AAC8CDD194ED4CF007BDE4D /* SRChocoDemo-OSX.app */;
			productType = "com.apple.product-type.application";
		};
		8AAC8CEE194ED4CF007BDE4D /* SRChocoDemo-OSXTests */ = {
			isa = PBXNativeTarget;
			buildConfigurationList = 8AAC8CFC194ED4CF007BDE4D /* Build configuration list for PBXNativeTarget "SRChocoDemo-OSXTests" */;
			buildPhases = (
				8AAC8CEB194ED4CF007BDE4D /* Sources */,
				8AAC8CEC194ED4CF007BDE4D /* Frameworks */,
				8AAC8CED194ED4CF007BDE4D /* Resources */,
			);
			buildRules = (
			);
			dependencies = (
				8AAC8CF1194ED4CF007BDE4D /* PBXTargetDependency */,
			);
			name = "SRChocoDemo-OSXTests";
			productName = "SRChocoDemo-OSXTests";
			productReference = 8AAC8CEF194ED4CF007BDE4D /* SRChocoDemo-OSXTests.xctest */;
			productType = "com.apple.product-type.bundle.unit-test";
		};
/* End PBXNativeTarget section */

/* Begin PBXProject section */
		8AAC8CD5194ED4CF007BDE4D /* Project object */ = {
			isa = PBXProject;
			attributes = {
				LastUpgradeCheck = 0600;
				ORGANIZATIONNAME = Seorenn;
				TargetAttributes = {
					8AAC8CDC194ED4CF007BDE4D = {
						CreatedOnToolsVersion = 6.0;
					};
					8AAC8CEE194ED4CF007BDE4D = {
						CreatedOnToolsVersion = 6.0;
						TestTargetID = 8AAC8CDC194ED4CF007BDE4D;
					};
				};
			};
			buildConfigurationList = 8AAC8CD8194ED4CF007BDE4D /* Build configuration list for PBXProject "SRChocoDemo-OSX" */;
			compatibilityVersion = "Xcode 3.2";
			developmentRegion = English;
			hasScannedForEncodings = 0;
			knownRegions = (
				en,
				Base,
			);
			mainGroup = 8AAC8CD4194ED4CF007BDE4D;
			productRefGroup = 8AAC8CDE194ED4CF007BDE4D /* Products */;
			projectDirPath = "";
			projectRoot = "";
			targets = (
				8AAC8CDC194ED4CF007BDE4D /* SRChocoDemo-OSX */,
				8AAC8CEE194ED4CF007BDE4D /* SRChocoDemo-OSXTests */,
			);
		};
/* End PBXProject section */

/* Begin PBXResourcesBuildPhase section */
		8AAC8CDB194ED4CF007BDE4D /* Resources */ = {
			isa = PBXResourcesBuildPhase;
			buildActionMask = 2147483647;
			files = (
				8AAC8CE7194ED4CF007BDE4D /* Images.xcassets in Resources */,
				8AAC8CEA194ED4CF007BDE4D /* MainMenu.xib in Resources */,
			);
			runOnlyForDeploymentPostprocessing = 0;
		};
		8AAC8CED194ED4CF007BDE4D /* Resources */ = {
			isa = PBXResourcesBuildPhase;
			buildActionMask = 2147483647;
			files = (
			);
			runOnlyForDeploymentPostprocessing = 0;
		};
/* End PBXResourcesBuildPhase section */

/* Begin PBXSourcesBuildPhase section */
		8AAC8CD9194ED4CF007BDE4D /* Sources */ = {
			isa = PBXSourcesBuildPhase;
			buildActionMask = 2147483647;
			files = (
				8A4DE92919515A3D00F65AEB /* NSDateExtensions.swift in Sources */,
				8AAC8D28194ED55D007BDE4D /* SRDatetime.swift in Sources */,
				8AF47824195AC92E00960AE4 /* Log.swift in Sources */,
				8A914C89197114FB002CE4A5 /* DemoSRWindowManager.swift in Sources */,
				8AADB7F11971679700200861 /* SRInputSourceManager.swift in Sources */,
				8A8FEE171961435800C73F8C /* SRWindowManager.swift in Sources */,
				8AAC8CE5194ED4CF007BDE4D /* AppDelegate.swift in Sources */,
				8AC2B6EC195ECA1500459F3D /* SRFile.swift in Sources */,
				8AC2B6EB195ECA1500459F3D /* SRDirectory.swift in Sources */,
				8A23A2E019515C3C008CB833 /* DemoNSDateExtensions.swift in Sources */,
				8AAC8CE3194ED4CF007BDE4D /* main.swift in Sources */,
				8A6B465F196A884400E791B5 /* SROtherApp.swift in Sources */,
				8A914C8B1971152F002CE4A5 /* DemoSRFileManager.swift in Sources */,
			);
			runOnlyForDeploymentPostprocessing = 0;
		};
		8AAC8CEB194ED4CF007BDE4D /* Sources */ = {
			isa = PBXSourcesBuildPhase;
			buildActionMask = 2147483647;
			files = (
				8AAC8CF6194ED4CF007BDE4D /* SRChocoDemo_OSXTests.swift in Sources */,
			);
			runOnlyForDeploymentPostprocessing = 0;
		};
/* End PBXSourcesBuildPhase section */

/* Begin PBXTargetDependency section */
		8AAC8CF1194ED4CF007BDE4D /* PBXTargetDependency */ = {
			isa = PBXTargetDependency;
			target = 8AAC8CDC194ED4CF007BDE4D /* SRChocoDemo-OSX */;
			targetProxy = 8AAC8CF0194ED4CF007BDE4D /* PBXContainerItemProxy */;
		};
/* End PBXTargetDependency section */

/* Begin PBXVariantGroup section */
		8AAC8CE8194ED4CF007BDE4D /* MainMenu.xib */ = {
			isa = PBXVariantGroup;
			children = (
				8AAC8CE9194ED4CF007BDE4D /* Base */,
			);
			name = MainMenu.xib;
			sourceTree = "<group>";
		};
/* End PBXVariantGroup section */

/* Begin XCBuildConfiguration section */
		8AAC8CF7194ED4CF007BDE4D /* Debug */ = {
			isa = XCBuildConfiguration;
			buildSettings = {
				ALWAYS_SEARCH_USER_PATHS = NO;
				CLANG_CXX_LANGUAGE_STANDARD = "gnu++0x";
				CLANG_CXX_LIBRARY = "libc++";
				CLANG_ENABLE_MODULES = YES;
				CLANG_ENABLE_OBJC_ARC = YES;
				CLANG_WARN_BOOL_CONVERSION = YES;
				CLANG_WARN_CONSTANT_CONVERSION = YES;
				CLANG_WARN_DIRECT_OBJC_ISA_USAGE = YES_ERROR;
				CLANG_WARN_EMPTY_BODY = YES;
				CLANG_WARN_ENUM_CONVERSION = YES;
				CLANG_WARN_INT_CONVERSION = YES;
				CLANG_WARN_OBJC_ROOT_CLASS = YES_ERROR;
				CLANG_WARN_UNREACHABLE_CODE = YES;
				CLANG_WARN__DUPLICATE_METHOD_MATCH = YES;
				CODE_SIGN_IDENTITY = "-";
				COPY_PHASE_STRIP = NO;
				ENABLE_STRICT_OBJC_MSGSEND = YES;
				GCC_C_LANGUAGE_STANDARD = gnu99;
				GCC_DYNAMIC_NO_PIC = NO;
				GCC_OPTIMIZATION_LEVEL = 0;
				GCC_PREPROCESSOR_DEFINITIONS = (
					"DEBUG=1",
					"$(inherited)",
				);
				GCC_SYMBOLS_PRIVATE_EXTERN = NO;
				GCC_WARN_64_TO_32_BIT_CONVERSION = YES;
				GCC_WARN_ABOUT_RETURN_TYPE = YES_ERROR;
				GCC_WARN_UNDECLARED_SELECTOR = YES;
				GCC_WARN_UNINITIALIZED_AUTOS = YES_AGGRESSIVE;
				GCC_WARN_UNUSED_FUNCTION = YES;
				GCC_WARN_UNUSED_VARIABLE = YES;
				MACOSX_DEPLOYMENT_TARGET = 10.9;
				METAL_ENABLE_DEBUG_INFO = YES;
				ONLY_ACTIVE_ARCH = YES;
				SDKROOT = macosx;
				SWIFT_OPTIMIZATION_LEVEL = "-Onone";
			};
			name = Debug;
		};
		8AAC8CF8194ED4CF007BDE4D /* Release */ = {
			isa = XCBuildConfiguration;
			buildSettings = {
				ALWAYS_SEARCH_USER_PATHS = NO;
				CLANG_CXX_LANGUAGE_STANDARD = "gnu++0x";
				CLANG_CXX_LIBRARY = "libc++";
				CLANG_ENABLE_MODULES = YES;
				CLANG_ENABLE_OBJC_ARC = YES;
				CLANG_WARN_BOOL_CONVERSION = YES;
				CLANG_WARN_CONSTANT_CONVERSION = YES;
				CLANG_WARN_DIRECT_OBJC_ISA_USAGE = YES_ERROR;
				CLANG_WARN_EMPTY_BODY = YES;
				CLANG_WARN_ENUM_CONVERSION = YES;
				CLANG_WARN_INT_CONVERSION = YES;
				CLANG_WARN_OBJC_ROOT_CLASS = YES_ERROR;
				CLANG_WARN_UNREACHABLE_CODE = YES;
				CLANG_WARN__DUPLICATE_METHOD_MATCH = YES;
				CODE_SIGN_IDENTITY = "-";
				COPY_PHASE_STRIP = YES;
				DEBUG_INFORMATION_FORMAT = "dwarf-with-dsym";
				ENABLE_NS_ASSERTIONS = NO;
				ENABLE_STRICT_OBJC_MSGSEND = YES;
				GCC_C_LANGUAGE_STANDARD = gnu99;
				GCC_WARN_64_TO_32_BIT_CONVERSION = YES;
				GCC_WARN_ABOUT_RETURN_TYPE = YES_ERROR;
				GCC_WARN_UNDECLARED_SELECTOR = YES;
				GCC_WARN_UNINITIALIZED_AUTOS = YES_AGGRESSIVE;
				GCC_WARN_UNUSED_FUNCTION = YES;
				GCC_WARN_UNUSED_VARIABLE = YES;
				MACOSX_DEPLOYMENT_TARGET = 10.9;
				METAL_ENABLE_DEBUG_INFO = NO;
				SDKROOT = macosx;
			};
			name = Release;
		};
		8AAC8CFA194ED4CF007BDE4D /* Debug */ = {
			isa = XCBuildConfiguration;
			buildSettings = {
				ASSETCATALOG_COMPILER_APPICON_NAME = AppIcon;
				COMBINE_HIDPI_IMAGES = YES;
				GCC_PREPROCESSOR_DEFINITIONS = BUILDCONFIG_TEST;
				INFOPLIST_FILE = "SRChocoDemo-OSX/Info.plist";
				LD_RUNPATH_SEARCH_PATHS = "$(inherited) @executable_path/../Frameworks";
				PRODUCT_NAME = "$(TARGET_NAME)";
			};
			name = Debug;
		};
		8AAC8CFB194ED4CF007BDE4D /* Release */ = {
			isa = XCBuildConfiguration;
			buildSettings = {
				ASSETCATALOG_COMPILER_APPICON_NAME = AppIcon;
				COMBINE_HIDPI_IMAGES = YES;
				GCC_PREPROCESSOR_DEFINITIONS = BUILDCONFIG_TEST;
				INFOPLIST_FILE = "SRChocoDemo-OSX/Info.plist";
				LD_RUNPATH_SEARCH_PATHS = "$(inherited) @executable_path/../Frameworks";
				PRODUCT_NAME = "$(TARGET_NAME)";
			};
			name = Release;
		};
		8AAC8CFD194ED4CF007BDE4D /* Debug */ = {
			isa = XCBuildConfiguration;
			buildSettings = {
				BUNDLE_LOADER = "$(BUILT_PRODUCTS_DIR)/SRChocoDemo-OSX.app/Contents/MacOS/SRChocoDemo-OSX";
				COMBINE_HIDPI_IMAGES = YES;
				FRAMEWORK_SEARCH_PATHS = (
					"$(DEVELOPER_FRAMEWORKS_DIR)",
					"$(inherited)",
				);
				GCC_PREPROCESSOR_DEFINITIONS = (
					"DEBUG=1",
					"$(inherited)",
				);
				INFOPLIST_FILE = "SRChocoDemo-OSXTests/Info.plist";
				LD_RUNPATH_SEARCH_PATHS = "$(inherited) @executable_path/../Frameworks @loader_path/../Frameworks";
				METAL_ENABLE_DEBUG_INFO = YES;
				PRODUCT_NAME = "$(TARGET_NAME)";
				TEST_HOST = "$(BUNDLE_LOADER)";
			};
			name = Debug;
		};
		8AAC8CFE194ED4CF007BDE4D /* Release */ = {
			isa = XCBuildConfiguration;
			buildSettings = {
				BUNDLE_LOADER = "$(BUILT_PRODUCTS_DIR)/SRChocoDemo-OSX.app/Contents/MacOS/SRChocoDemo-OSX";
				COMBINE_HIDPI_IMAGES = YES;
				FRAMEWORK_SEARCH_PATHS = (
					"$(DEVELOPER_FRAMEWORKS_DIR)",
					"$(inherited)",
				);
				INFOPLIST_FILE = "SRChocoDemo-OSXTests/Info.plist";
				LD_RUNPATH_SEARCH_PATHS = "$(inherited) @executable_path/../Frameworks @loader_path/../Frameworks";
				METAL_ENABLE_DEBUG_INFO = NO;
				PRODUCT_NAME = "$(TARGET_NAME)";
				TEST_HOST = "$(BUNDLE_LOADER)";
			};
			name = Release;
		};
/* End XCBuildConfiguration section */

/* Begin XCConfigurationList section */
		8AAC8CD8194ED4CF007BDE4D /* Build configuration list for PBXProject "SRChocoDemo-OSX" */ = {
			isa = XCConfigurationList;
			buildConfigurations = (
				8AAC8CF7194ED4CF007BDE4D /* Debug */,
				8AAC8CF8194ED4CF007BDE4D /* Release */,
			);
			defaultConfigurationIsVisible = 0;
			defaultConfigurationName = Release;
		};
		8AAC8CF9194ED4CF007BDE4D /* Build configuration list for PBXNativeTarget "SRChocoDemo-OSX" */ = {
			isa = XCConfigurationList;
			buildConfigurations = (
				8AAC8CFA194ED4CF007BDE4D /* Debug */,
				8AAC8CFB194ED4CF007BDE4D /* Release */,
			);
			defaultConfigurationIsVisible = 0;
			defaultConfigurationName = Release;
		};
		8AAC8CFC194ED4CF007BDE4D /* Build configuration list for PBXNativeTarget "SRChocoDemo-OSXTests" */ = {
			isa = XCConfigurationList;
			buildConfigurations = (
				8AAC8CFD194ED4CF007BDE4D /* Debug */,
				8AAC8CFE194ED4CF007BDE4D /* Release */,
			);
			defaultConfigurationIsVisible = 0;
			defaultConfigurationName = Release;
		};
/* End XCConfigurationList section */
	};
	rootObject = 8AAC8CD5194ED4CF007BDE4D /* Project object */;
}
